// !$*UTF8*$!
{
	archiveVersion = 1;
	classes = {
	};
	objectVersion = 46;
	objects = {

/* Begin PBXBuildFile section */
		013025B542674BB9A8381C5A /* FCMPlugin.m in Sources */ = {isa = PBXBuildFile; fileRef = 5507A8FE5D2D43B48B76B32E /* FCMPlugin.m */; };
		018D82D37D064F6DA3FB8E13 /* AppDelegate+FCMPlugin.m in Sources */ = {isa = PBXBuildFile; fileRef = 72A8DDB280C942D6A3A99FE0 /* AppDelegate+FCMPlugin.m */; };
		0207DA581B56EA530066E2B4 /* Images.xcassets in Resources */ = {isa = PBXBuildFile; fileRef = 0207DA571B56EA530066E2B4 /* Images.xcassets */; };
		0FA5979AF766424F8765DD5C /* libz.tbd in Frameworks */ = {isa = PBXBuildFile; fileRef = 0DB9ADA3BC284E3D86F82BC6 /* libz.tbd */; };
		1D3623260D0F684500981E51 /* AppDelegate.m in Sources */ = {isa = PBXBuildFile; fileRef = 1D3623250D0F684500981E51 /* AppDelegate.m */; };
		1D60589B0D05DD56006BFB54 /* main.m in Sources */ = {isa = PBXBuildFile; fileRef = 29B97316FDCFA39411CA2CEA /* main.m */; };
		1FAFBE06646145F4AE21C114 /* CDVNotification.bundle in Resources */ = {isa = PBXBuildFile; fileRef = F8126ECB87D846E2A361AB16 /* CDVNotification.bundle */; };
		301BF552109A68D80062928A /* libCordova.a in Frameworks */ = {isa = PBXBuildFile; fileRef = 301BF535109A57CC0062928A /* libCordova.a */; settings = {ATTRIBUTES = (Required, ); }; };
		302D95F114D2391D003F00A1 /* MainViewController.m in Sources */ = {isa = PBXBuildFile; fileRef = 302D95EF14D2391D003F00A1 /* MainViewController.m */; };
		302D95F214D2391D003F00A1 /* MainViewController.xib in Resources */ = {isa = PBXBuildFile; fileRef = 302D95F014D2391D003F00A1 /* MainViewController.xib */; };
		432609AC78384A77BF9B156A /* CDVNotification.m in Sources */ = {isa = PBXBuildFile; fileRef = 0844E0F9F7134BE6AE7A14DA /* CDVNotification.m */; };
		455504F427664399BA4B3649 /* libsqlite3.0.tbd in Frameworks */ = {isa = PBXBuildFile; fileRef = E2946D64AFBD4D45905AAB26 /* libsqlite3.0.tbd */; };
		5EAB41B1C02E4B28A7BD20BF /* CDVBuildInfo.m in Sources */ = {isa = PBXBuildFile; fileRef = 33D889C57C9842ACB9DAD87F /* CDVBuildInfo.m */; };
		5FE23EAB50F84546A35A8600 /* SafariServices.framework in Frameworks */ = {isa = PBXBuildFile; fileRef = FFB75D84B1F44879A558414A /* SafariServices.framework */; settings = {ATTRIBUTES = (Weak, ); }; };
		6AFF5BF91D6E424B00AB3073 /* CDVLaunchScreen.storyboard in Resources */ = {isa = PBXBuildFile; fileRef = 6AFF5BF81D6E424B00AB3073 /* CDVLaunchScreen.storyboard */; };
		750C7A9D3AE041B49DA82913 /* AudioToolbox.framework in Frameworks */ = {isa = PBXBuildFile; fileRef = FA582983375047B2BFC3F097 /* AudioToolbox.framework */; settings = {ATTRIBUTES = (Weak, ); }; };
		7E4233586B3642E19AEF38C7 /* GoogleService-Info.plist in Resources */ = {isa = PBXBuildFile; fileRef = FCB2852F2EB34181A1232FD2 /* GoogleService-Info.plist */; };
		9520EDF5D465DC8758C2DA05 /* libPods-Nattlivet.a in Frameworks */ = {isa = PBXBuildFile; fileRef = FCE6F0949AC742E9890DDBAB /* libPods-Nattlivet.a */; };
		A0D7402ADE9144DAA9CF6C68 /* libc++.tbd in Frameworks */ = {isa = PBXBuildFile; fileRef = 47D5056CD56144C1A750E9FC /* libc++.tbd */; };
		A22AF976773E4F2E96AEAC84 /* Security.framework in Frameworks */ = {isa = PBXBuildFile; fileRef = D057B68C3828440A82CB1DF1 /* Security.framework */; };
		B2AA8214E66A4F648DEDE7F0 /* CBTBrowserTab.m in Sources */ = {isa = PBXBuildFile; fileRef = 7F459F4E0F224229BCA6260A /* CBTBrowserTab.m */; };
		DD62057FC1794445A7BD2C72 /* AddressBook.framework in Frameworks */ = {isa = PBXBuildFile; fileRef = 99EDE3C66FFA48B5914E70ED /* AddressBook.framework */; };
		AF8DC92669FD455D9F1C63CB /* CDVLocation.m in Sources */ = {isa = PBXBuildFile; fileRef = B7A917D2341A43FAB0D7C551 /* CDVLocation.m */; };
		4C3A766BE2504565AA076ADD /* CoreLocation.framework in Frameworks */ = {isa = PBXBuildFile; fileRef = 0EC09F3B705F456CB8D61E1B /* CoreLocation.framework */; };
		CCE94316532C439BA77CE51C /* CDVInAppBrowser.m in Sources */ = {isa = PBXBuildFile; fileRef = 5DC6174FA81047C58C92D787 /* CDVInAppBrowser.m */; };
		1F16B43ADD9847DEA06130E9 /* CDVInAppBrowserOptions.m in Sources */ = {isa = PBXBuildFile; fileRef = C17A0697D3164EADB62D1C32 /* CDVInAppBrowserOptions.m */; };
		9237167A317E449683A3F79F /* CDVInAppBrowserNavigationController.m in Sources */ = {isa = PBXBuildFile; fileRef = 3EC37F6605284CBD90942E05 /* CDVInAppBrowserNavigationController.m */; };
		6D7A9EB9B0EE4C71B95EED7B /* CDVUIInAppBrowser.m in Sources */ = {isa = PBXBuildFile; fileRef = EE3084F8D47B40F0A04AAEC9 /* CDVUIInAppBrowser.m */; };
		F11A7B1BBD2646A2A96FED0B /* CDVWKInAppBrowser.m in Sources */ = {isa = PBXBuildFile; fileRef = 856A9A59E9564E6C93D7BFF1 /* CDVWKInAppBrowser.m */; };
		921BAF5D14DA43D09D82B605 /* CDVWKInAppBrowserUIDelegate.m in Sources */ = {isa = PBXBuildFile; fileRef = 6F29C905A1F84E28B37CD5E5 /* CDVWKInAppBrowserUIDelegate.m */; };
		DCB3731E2043454C8D2569E9 /* CDVConnection.m in Sources */ = {isa = PBXBuildFile; fileRef = C03E8486EE244657B03DDEE3 /* CDVConnection.m */; };
		9C360577EE4649CF8323EF0C /* CDVReachability.m in Sources */ = {isa = PBXBuildFile; fileRef = AC22D8402CFA4A0DB4CFACE5 /* CDVReachability.m */; };
		897B307BE53B439190C211A2 /* SystemConfiguration.framework in Frameworks */ = {isa = PBXBuildFile; fileRef = A28AB46E20944B7DAE917331 /* SystemConfiguration.framework */; settings = {ATTRIBUTES = (Weak, ); }; };
		244B2641BA18417BB6160031 /* CoreTelephony.framework in Frameworks */ = {isa = PBXBuildFile; fileRef = 444CEAEB6267450D8E092B8E /* CoreTelephony.framework */; };
		1498ADE3DAF34B88A5F1F7DA /* CULPlugin.m in Sources */ = {isa = PBXBuildFile; fileRef = 43152B2B7F954F26A97F6707 /* CULPlugin.m */; };
		1C3BB36294404613BD32A00B /* AppDelegate+CULPlugin.m in Sources */ = {isa = PBXBuildFile; fileRef = C8A3FAB53B8848F286AD98A3 /* AppDelegate+CULPlugin.m */; };
		539C547E935A490EB612E5E9 /* CDVPluginResult+CULPlugin.m in Sources */ = {isa = PBXBuildFile; fileRef = F576B587CAF64C09821E6E4B /* CDVPluginResult+CULPlugin.m */; };
		87C30F760F874B95B03FE17B /* CDVInvokedUrlCommand+CULPlugin.m in Sources */ = {isa = PBXBuildFile; fileRef = 1EA31061696D47B99D680279 /* CDVInvokedUrlCommand+CULPlugin.m */; };
		0A6AEF69F8504CC5AC6A303D /* CULHost.m in Sources */ = {isa = PBXBuildFile; fileRef = 00B7E30343C84B91B6BCCF99 /* CULHost.m */; };
		9402D4CF023E429BB06662DB /* CULPath.m in Sources */ = {isa = PBXBuildFile; fileRef = F4FEB96D7ADD4C20A1A2F6EE /* CULPath.m */; };
		1D90D3E2CC52454CADE165EF /* CULXmlTags.m in Sources */ = {isa = PBXBuildFile; fileRef = 399E1DA46C6248D3B5579ABD /* CULXmlTags.m */; };
		9C1E23EA25EE492EA84C6F60 /* CULConfigXmlParser.m in Sources */ = {isa = PBXBuildFile; fileRef = 425207EB85B24FFE9AA16386 /* CULConfigXmlParser.m */; };
		849148B7CECD4BA3A5D95D95 /* CULConfigJsonParser.m in Sources */ = {isa = PBXBuildFile; fileRef = 08E4864817FC46F3B7D636A9 /* CULConfigJsonParser.m */; };
		170012162900443F90F317C3 /* NSBundle+CULPlugin.m in Sources */ = {isa = PBXBuildFile; fileRef = 70C6507068AD482A9C22C9A7 /* NSBundle+CULPlugin.m */; };
		A253A059011E46C191873A88 /* Nattlivet.entitlements in Resources */ = {isa = PBXBuildFile; fileRef = 3A12F5F8B1C74036A157A4E9 /* Nattlivet.entitlements */; };
/* End PBXBuildFile section */

/* Begin PBXContainerItemProxy section */
		301BF534109A57CC0062928A /* PBXContainerItemProxy */ = {
			isa = PBXContainerItemProxy;
			containerPortal = 301BF52D109A57CC0062928A /* CordovaLib.xcodeproj */;
			proxyType = 2;
			remoteGlobalIDString = D2AAC07E0554694100DB518D;
			remoteInfo = CordovaLib;
		};
		301BF550109A68C00062928A /* PBXContainerItemProxy */ = {
			isa = PBXContainerItemProxy;
			containerPortal = 301BF52D109A57CC0062928A /* CordovaLib.xcodeproj */;
			proxyType = 1;
			remoteGlobalIDString = D2AAC07D0554694100DB518D;
			remoteInfo = CordovaLib;
		};
		907D8123214C687600058A10 /* PBXContainerItemProxy */ = {
			isa = PBXContainerItemProxy;
			containerPortal = 301BF52D109A57CC0062928A /* CordovaLib.xcodeproj */;
			proxyType = 2;
			remoteGlobalIDString = C0C01EB21E3911D50056E6CB;
			remoteInfo = Cordova;
		};
/* End PBXContainerItemProxy section */

/* Begin PBXFileReference section */
		0207DA571B56EA530066E2B4 /* Images.xcassets */ = {isa = PBXFileReference; lastKnownFileType = folder.assetcatalog; name = Images.xcassets; path = Nattlivet/Images.xcassets; sourceTree = SOURCE_ROOT; };
		0844E0F9F7134BE6AE7A14DA /* CDVNotification.m */ = {isa = PBXFileReference; explicitFileType = undefined; fileEncoding = 4; includeInIndex = 0; lastKnownFileType = sourcecode.c.objc; name = CDVNotification.m; path = "cordova-plugin-dialogs/CDVNotification.m"; sourceTree = "<group>"; };
		0DB9ADA3BC284E3D86F82BC6 /* libz.tbd */ = {isa = PBXFileReference; explicitFileType = undefined; fileEncoding = undefined; includeInIndex = 0; lastKnownFileType = "sourcecode.text-based-dylib-definition"; name = libz.tbd; path = usr/lib/libz.tbd; sourceTree = SDKROOT; };
		1D3623240D0F684500981E51 /* AppDelegate.h */ = {isa = PBXFileReference; fileEncoding = 4; lastKnownFileType = sourcecode.c.h; path = AppDelegate.h; sourceTree = "<group>"; };
		1D3623250D0F684500981E51 /* AppDelegate.m */ = {isa = PBXFileReference; fileEncoding = 4; lastKnownFileType = sourcecode.c.objc; path = AppDelegate.m; sourceTree = "<group>"; };
		1D6058910D05DD3D006BFB54 /* Nattlivet.app */ = {isa = PBXFileReference; explicitFileType = wrapper.application; includeInIndex = 0; path = Nattlivet.app; sourceTree = BUILT_PRODUCTS_DIR; };
		29B97316FDCFA39411CA2CEA /* main.m */ = {isa = PBXFileReference; fileEncoding = 4; lastKnownFileType = sourcecode.c.objc; path = main.m; sourceTree = "<group>"; };
		301BF52D109A57CC0062928A /* CordovaLib.xcodeproj */ = {isa = PBXFileReference; lastKnownFileType = "wrapper.pb-project"; name = CordovaLib.xcodeproj; path = CordovaLib/CordovaLib.xcodeproj; sourceTree = "<group>"; };
		301BF56E109A69640062928A /* www */ = {isa = PBXFileReference; lastKnownFileType = folder; path = www; sourceTree = SOURCE_ROOT; };
		302D95EE14D2391D003F00A1 /* MainViewController.h */ = {isa = PBXFileReference; fileEncoding = 4; lastKnownFileType = sourcecode.c.h; path = MainViewController.h; sourceTree = "<group>"; };
		302D95EF14D2391D003F00A1 /* MainViewController.m */ = {isa = PBXFileReference; fileEncoding = 4; lastKnownFileType = sourcecode.c.objc; path = MainViewController.m; sourceTree = "<group>"; };
		302D95F014D2391D003F00A1 /* MainViewController.xib */ = {isa = PBXFileReference; fileEncoding = 4; lastKnownFileType = file.xib; path = MainViewController.xib; sourceTree = "<group>"; };
		3047A50F1AB8059700498E2A /* build-debug.xcconfig */ = {isa = PBXFileReference; fileEncoding = 4; lastKnownFileType = text.xcconfig; name = "build-debug.xcconfig"; path = "cordova/build-debug.xcconfig"; sourceTree = SOURCE_ROOT; };
		3047A5101AB8059700498E2A /* build-release.xcconfig */ = {isa = PBXFileReference; fileEncoding = 4; lastKnownFileType = text.xcconfig; name = "build-release.xcconfig"; path = "cordova/build-release.xcconfig"; sourceTree = SOURCE_ROOT; };
		3047A5111AB8059700498E2A /* build.xcconfig */ = {isa = PBXFileReference; fileEncoding = 4; lastKnownFileType = text.xcconfig; name = build.xcconfig; path = cordova/build.xcconfig; sourceTree = SOURCE_ROOT; };
		32CA4F630368D1EE00C91783 /* Nattlivet-Prefix.pch */ = {isa = PBXFileReference; fileEncoding = 4; lastKnownFileType = sourcecode.c.h; path = "Nattlivet-Prefix.pch"; sourceTree = "<group>"; };
		33D889C57C9842ACB9DAD87F /* CDVBuildInfo.m */ = {isa = PBXFileReference; explicitFileType = undefined; fileEncoding = 4; includeInIndex = 0; lastKnownFileType = sourcecode.c.objc; name = CDVBuildInfo.m; path = "cordova-plugin-buildinfo/CDVBuildInfo.m"; sourceTree = "<group>"; };
		47D5056CD56144C1A750E9FC /* libc++.tbd */ = {isa = PBXFileReference; explicitFileType = undefined; fileEncoding = undefined; includeInIndex = 0; lastKnownFileType = "sourcecode.text-based-dylib-definition"; name = "libc++.tbd"; path = "usr/lib/libc++.tbd"; sourceTree = SDKROOT; };
		5507A8FE5D2D43B48B76B32E /* FCMPlugin.m */ = {isa = PBXFileReference; explicitFileType = undefined; fileEncoding = 4; includeInIndex = 0; lastKnownFileType = sourcecode.c.objc; name = FCMPlugin.m; path = "cordova-plugin-fcm-with-dependecy-updated/FCMPlugin.m"; sourceTree = "<group>"; };
		6AFF5BF81D6E424B00AB3073 /* CDVLaunchScreen.storyboard */ = {isa = PBXFileReference; fileEncoding = 4; lastKnownFileType = file.storyboard; name = CDVLaunchScreen.storyboard; path = Nattlivet/CDVLaunchScreen.storyboard; sourceTree = SOURCE_ROOT; };
		72A8DDB280C942D6A3A99FE0 /* AppDelegate+FCMPlugin.m */ = {isa = PBXFileReference; explicitFileType = undefined; fileEncoding = 4; includeInIndex = 0; lastKnownFileType = sourcecode.c.objc; name = "AppDelegate+FCMPlugin.m"; path = "cordova-plugin-fcm-with-dependecy-updated/AppDelegate+FCMPlugin.m"; sourceTree = "<group>"; };
		7F459F4E0F224229BCA6260A /* CBTBrowserTab.m */ = {isa = PBXFileReference; explicitFileType = undefined; fileEncoding = 4; includeInIndex = 0; lastKnownFileType = sourcecode.c.objc; name = CBTBrowserTab.m; path = "cordova-plugin-browsertab/CBTBrowserTab.m"; sourceTree = "<group>"; };
		8D1107310486CEB800E47090 /* Nattlivet-Info.plist */ = {isa = PBXFileReference; fileEncoding = 4; lastKnownFileType = text.plist.xml; name = "Nattlivet-Info.plist"; path = "Nattlivet/Nattlivet-Info.plist"; plistStructureDefinitionIdentifier = "com.apple.xcode.plist.structure-definition.iphone.info-plist"; sourceTree = SOURCE_ROOT; };
		8DAD4F51BFF948EFBFF3D443 /* CBTBrowserTab.h */ = {isa = PBXFileReference; explicitFileType = undefined; fileEncoding = 4; includeInIndex = 0; lastKnownFileType = sourcecode.c.h; name = CBTBrowserTab.h; path = "cordova-plugin-browsertab/CBTBrowserTab.h"; sourceTree = "<group>"; };
		98D5CA22A036418E9F485D81 /* CDVBuildInfo.h */ = {isa = PBXFileReference; explicitFileType = undefined; fileEncoding = 4; includeInIndex = 0; lastKnownFileType = sourcecode.c.h; name = CDVBuildInfo.h; path = "cordova-plugin-buildinfo/CDVBuildInfo.h"; sourceTree = "<group>"; };
		99EDE3C66FFA48B5914E70ED /* AddressBook.framework */ = {isa = PBXFileReference; explicitFileType = undefined; fileEncoding = undefined; includeInIndex = 0; lastKnownFileType = wrapper.framework; name = AddressBook.framework; path = System/Library/Frameworks/AddressBook.framework; sourceTree = SDKROOT; };
		AAA413F6EFCA0E039666C9E6 /* Pods-Nattlivet.release.xcconfig */ = {isa = PBXFileReference; includeInIndex = 1; lastKnownFileType = text.xcconfig; name = "Pods-Nattlivet.release.xcconfig"; path = "Target Support Files/Pods-Nattlivet/Pods-Nattlivet.release.xcconfig"; sourceTree = "<group>"; };
		B0025E9B4B06430CAADD279D /* FCMPlugin.h */ = {isa = PBXFileReference; explicitFileType = undefined; fileEncoding = 4; includeInIndex = 0; lastKnownFileType = sourcecode.c.h; name = FCMPlugin.h; path = "cordova-plugin-fcm-with-dependecy-updated/FCMPlugin.h"; sourceTree = "<group>"; };
		D057B68C3828440A82CB1DF1 /* Security.framework */ = {isa = PBXFileReference; explicitFileType = undefined; fileEncoding = undefined; includeInIndex = 0; lastKnownFileType = wrapper.framework; name = Security.framework; path = System/Library/Frameworks/Security.framework; sourceTree = SDKROOT; };
		E2946D64AFBD4D45905AAB26 /* libsqlite3.0.tbd */ = {isa = PBXFileReference; explicitFileType = undefined; fileEncoding = undefined; includeInIndex = 0; lastKnownFileType = "sourcecode.text-based-dylib-definition"; name = libsqlite3.0.tbd; path = usr/lib/libsqlite3.0.tbd; sourceTree = SDKROOT; };
		EB87FDF31871DA8E0020F90C /* www */ = {isa = PBXFileReference; lastKnownFileType = folder; name = www; path = ../../www; sourceTree = "<group>"; };
		EB87FDF41871DAF40020F90C /* config.xml */ = {isa = PBXFileReference; lastKnownFileType = text.xml; name = config.xml; path = ../../config.xml; sourceTree = "<group>"; };
		ED33DF2A687741AEAF9F8254 /* Bridging-Header.h */ = {isa = PBXFileReference; fileEncoding = 4; lastKnownFileType = sourcecode.c.h; name = "Bridging-Header.h"; path = "Bridging-Header.h"; sourceTree = "<group>"; };
		F8126ECB87D846E2A361AB16 /* CDVNotification.bundle */ = {isa = PBXFileReference; explicitFileType = undefined; fileEncoding = undefined; includeInIndex = 0; lastKnownFileType = "wrapper.plug-in"; name = CDVNotification.bundle; path = CDVNotification.bundle; sourceTree = "<group>"; };
		F840E1F0165FE0F500CFE078 /* config.xml */ = {isa = PBXFileReference; lastKnownFileType = text.xml; name = config.xml; path = Nattlivet/config.xml; sourceTree = "<group>"; };
		F8AEF6FF47C14CA5AD2534E9 /* CDVNotification.h */ = {isa = PBXFileReference; explicitFileType = undefined; fileEncoding = 4; includeInIndex = 0; lastKnownFileType = sourcecode.c.h; name = CDVNotification.h; path = "cordova-plugin-dialogs/CDVNotification.h"; sourceTree = "<group>"; };
		FA582983375047B2BFC3F097 /* AudioToolbox.framework */ = {isa = PBXFileReference; explicitFileType = undefined; fileEncoding = undefined; includeInIndex = 0; lastKnownFileType = wrapper.framework; name = AudioToolbox.framework; path = System/Library/Frameworks/AudioToolbox.framework; sourceTree = SDKROOT; };
		FBF55BE75732AB38790FA3F3 /* Pods-Nattlivet.debug.xcconfig */ = {isa = PBXFileReference; includeInIndex = 1; lastKnownFileType = text.xcconfig; name = "Pods-Nattlivet.debug.xcconfig"; path = "Target Support Files/Pods-Nattlivet/Pods-Nattlivet.debug.xcconfig"; sourceTree = "<group>"; };
		FCB2852F2EB34181A1232FD2 /* GoogleService-Info.plist */ = {isa = PBXFileReference; explicitFileType = undefined; fileEncoding = 4; includeInIndex = 0; lastKnownFileType = text.plist.xml; name = "GoogleService-Info.plist"; path = "Resources/GoogleService-Info.plist"; sourceTree = "<group>"; };
		FCE6F0949AC742E9890DDBAB /* libPods-Nattlivet.a */ = {isa = PBXFileReference; explicitFileType = archive.ar; includeInIndex = 0; path = "libPods-Nattlivet.a"; sourceTree = BUILT_PRODUCTS_DIR; };
		FF8C6E225A4B4F1188040C78 /* AppDelegate+FCMPlugin.h */ = {isa = PBXFileReference; explicitFileType = undefined; fileEncoding = 4; includeInIndex = 0; lastKnownFileType = sourcecode.c.h; name = "AppDelegate+FCMPlugin.h"; path = "cordova-plugin-fcm-with-dependecy-updated/AppDelegate+FCMPlugin.h"; sourceTree = "<group>"; };
		FFB75D84B1F44879A558414A /* SafariServices.framework */ = {isa = PBXFileReference; explicitFileType = undefined; fileEncoding = undefined; includeInIndex = 0; lastKnownFileType = wrapper.framework; name = SafariServices.framework; path = System/Library/Frameworks/SafariServices.framework; sourceTree = SDKROOT; };
		B7A917D2341A43FAB0D7C551 /* CDVLocation.m */ = {isa = PBXFileReference; name = "CDVLocation.m"; path = "cordova-plugin-geolocation/CDVLocation.m"; sourceTree = "<group>"; fileEncoding = 4; lastKnownFileType = sourcecode.c.objc; explicitFileType = undefined; includeInIndex = 0; };
		D55783C1849C4FF6BB1BB4A0 /* CDVLocation.h */ = {isa = PBXFileReference; name = "CDVLocation.h"; path = "cordova-plugin-geolocation/CDVLocation.h"; sourceTree = "<group>"; fileEncoding = 4; lastKnownFileType = sourcecode.c.h; explicitFileType = undefined; includeInIndex = 0; };
		0EC09F3B705F456CB8D61E1B /* CoreLocation.framework */ = {isa = PBXFileReference; name = "CoreLocation.framework"; path = "System/Library/Frameworks/CoreLocation.framework"; sourceTree = SDKROOT; fileEncoding = undefined; lastKnownFileType = wrapper.framework; explicitFileType = undefined; includeInIndex = 0; };
		5DC6174FA81047C58C92D787 /* CDVInAppBrowser.m */ = {isa = PBXFileReference; name = "CDVInAppBrowser.m"; path = "cordova-plugin-inappbrowser/CDVInAppBrowser.m"; sourceTree = "<group>"; fileEncoding = 4; lastKnownFileType = sourcecode.c.objc; explicitFileType = undefined; includeInIndex = 0; };
		C17A0697D3164EADB62D1C32 /* CDVInAppBrowserOptions.m */ = {isa = PBXFileReference; name = "CDVInAppBrowserOptions.m"; path = "cordova-plugin-inappbrowser/CDVInAppBrowserOptions.m"; sourceTree = "<group>"; fileEncoding = 4; lastKnownFileType = sourcecode.c.objc; explicitFileType = undefined; includeInIndex = 0; };
		3EC37F6605284CBD90942E05 /* CDVInAppBrowserNavigationController.m */ = {isa = PBXFileReference; name = "CDVInAppBrowserNavigationController.m"; path = "cordova-plugin-inappbrowser/CDVInAppBrowserNavigationController.m"; sourceTree = "<group>"; fileEncoding = 4; lastKnownFileType = sourcecode.c.objc; explicitFileType = undefined; includeInIndex = 0; };
		EE3084F8D47B40F0A04AAEC9 /* CDVUIInAppBrowser.m */ = {isa = PBXFileReference; name = "CDVUIInAppBrowser.m"; path = "cordova-plugin-inappbrowser/CDVUIInAppBrowser.m"; sourceTree = "<group>"; fileEncoding = 4; lastKnownFileType = sourcecode.c.objc; explicitFileType = undefined; includeInIndex = 0; };
		856A9A59E9564E6C93D7BFF1 /* CDVWKInAppBrowser.m */ = {isa = PBXFileReference; name = "CDVWKInAppBrowser.m"; path = "cordova-plugin-inappbrowser/CDVWKInAppBrowser.m"; sourceTree = "<group>"; fileEncoding = 4; lastKnownFileType = sourcecode.c.objc; explicitFileType = undefined; includeInIndex = 0; };
		6F29C905A1F84E28B37CD5E5 /* CDVWKInAppBrowserUIDelegate.m */ = {isa = PBXFileReference; name = "CDVWKInAppBrowserUIDelegate.m"; path = "cordova-plugin-inappbrowser/CDVWKInAppBrowserUIDelegate.m"; sourceTree = "<group>"; fileEncoding = 4; lastKnownFileType = sourcecode.c.objc; explicitFileType = undefined; includeInIndex = 0; };
		4D0275FBA80D47D3B56BB6CE /* CDVInAppBrowser.h */ = {isa = PBXFileReference; name = "CDVInAppBrowser.h"; path = "cordova-plugin-inappbrowser/CDVInAppBrowser.h"; sourceTree = "<group>"; fileEncoding = 4; lastKnownFileType = sourcecode.c.h; explicitFileType = undefined; includeInIndex = 0; };
		BD97E80BA5E7459CB27D1EE3 /* CDVInAppBrowserOptions.h */ = {isa = PBXFileReference; name = "CDVInAppBrowserOptions.h"; path = "cordova-plugin-inappbrowser/CDVInAppBrowserOptions.h"; sourceTree = "<group>"; fileEncoding = 4; lastKnownFileType = sourcecode.c.h; explicitFileType = undefined; includeInIndex = 0; };
		1D55897F671C4C1E86C9811F /* CDVInAppBrowserNavigationController.h */ = {isa = PBXFileReference; name = "CDVInAppBrowserNavigationController.h"; path = "cordova-plugin-inappbrowser/CDVInAppBrowserNavigationController.h"; sourceTree = "<group>"; fileEncoding = 4; lastKnownFileType = sourcecode.c.h; explicitFileType = undefined; includeInIndex = 0; };
		10973CB1D45546AA8EB1D780 /* CDVUIInAppBrowser.h */ = {isa = PBXFileReference; name = "CDVUIInAppBrowser.h"; path = "cordova-plugin-inappbrowser/CDVUIInAppBrowser.h"; sourceTree = "<group>"; fileEncoding = 4; lastKnownFileType = sourcecode.c.h; explicitFileType = undefined; includeInIndex = 0; };
		449A69BE2CF24897AE264CE5 /* CDVWKInAppBrowser.h */ = {isa = PBXFileReference; name = "CDVWKInAppBrowser.h"; path = "cordova-plugin-inappbrowser/CDVWKInAppBrowser.h"; sourceTree = "<group>"; fileEncoding = 4; lastKnownFileType = sourcecode.c.h; explicitFileType = undefined; includeInIndex = 0; };
		72623C2162084515B21C3A6B /* CDVWKInAppBrowserUIDelegate.h */ = {isa = PBXFileReference; name = "CDVWKInAppBrowserUIDelegate.h"; path = "cordova-plugin-inappbrowser/CDVWKInAppBrowserUIDelegate.h"; sourceTree = "<group>"; fileEncoding = 4; lastKnownFileType = sourcecode.c.h; explicitFileType = undefined; includeInIndex = 0; };
		C03E8486EE244657B03DDEE3 /* CDVConnection.m */ = {isa = PBXFileReference; name = "CDVConnection.m"; path = "cordova-plugin-network-information/CDVConnection.m"; sourceTree = "<group>"; fileEncoding = 4; lastKnownFileType = sourcecode.c.objc; explicitFileType = undefined; includeInIndex = 0; };
		AC22D8402CFA4A0DB4CFACE5 /* CDVReachability.m */ = {isa = PBXFileReference; name = "CDVReachability.m"; path = "cordova-plugin-network-information/CDVReachability.m"; sourceTree = "<group>"; fileEncoding = 4; lastKnownFileType = sourcecode.c.objc; explicitFileType = undefined; includeInIndex = 0; };
		5FC52E8625C447EBB5184004 /* CDVConnection.h */ = {isa = PBXFileReference; name = "CDVConnection.h"; path = "cordova-plugin-network-information/CDVConnection.h"; sourceTree = "<group>"; fileEncoding = 4; lastKnownFileType = sourcecode.c.h; explicitFileType = undefined; includeInIndex = 0; };
		C955D453757A455598243022 /* CDVReachability.h */ = {isa = PBXFileReference; name = "CDVReachability.h"; path = "cordova-plugin-network-information/CDVReachability.h"; sourceTree = "<group>"; fileEncoding = 4; lastKnownFileType = sourcecode.c.h; explicitFileType = undefined; includeInIndex = 0; };
		A28AB46E20944B7DAE917331 /* SystemConfiguration.framework */ = {isa = PBXFileReference; name = "SystemConfiguration.framework"; path = "System/Library/Frameworks/SystemConfiguration.framework"; sourceTree = SDKROOT; fileEncoding = undefined; lastKnownFileType = wrapper.framework; explicitFileType = undefined; includeInIndex = 0; };
		444CEAEB6267450D8E092B8E /* CoreTelephony.framework */ = {isa = PBXFileReference; name = "CoreTelephony.framework"; path = "System/Library/Frameworks/CoreTelephony.framework"; sourceTree = SDKROOT; fileEncoding = undefined; lastKnownFileType = wrapper.framework; explicitFileType = undefined; includeInIndex = 0; };
		43152B2B7F954F26A97F6707 /* CULPlugin.m */ = {isa = PBXFileReference; name = "CULPlugin.m"; path = "cordova-universal-links-plugin/CULPlugin.m"; sourceTree = "<group>"; fileEncoding = 4; lastKnownFileType = sourcecode.c.objc; explicitFileType = undefined; includeInIndex = 0; };
		C8A3FAB53B8848F286AD98A3 /* AppDelegate+CULPlugin.m */ = {isa = PBXFileReference; name = "AppDelegate+CULPlugin.m"; path = "cordova-universal-links-plugin/AppDelegate+CULPlugin.m"; sourceTree = "<group>"; fileEncoding = 4; lastKnownFileType = sourcecode.c.objc; explicitFileType = undefined; includeInIndex = 0; };
		F576B587CAF64C09821E6E4B /* CDVPluginResult+CULPlugin.m */ = {isa = PBXFileReference; name = "CDVPluginResult+CULPlugin.m"; path = "cordova-universal-links-plugin/JS/CDVPluginResult+CULPlugin.m"; sourceTree = "<group>"; fileEncoding = 4; lastKnownFileType = sourcecode.c.objc; explicitFileType = undefined; includeInIndex = 0; };
		1EA31061696D47B99D680279 /* CDVInvokedUrlCommand+CULPlugin.m */ = {isa = PBXFileReference; name = "CDVInvokedUrlCommand+CULPlugin.m"; path = "cordova-universal-links-plugin/JS/CDVInvokedUrlCommand+CULPlugin.m"; sourceTree = "<group>"; fileEncoding = 4; lastKnownFileType = sourcecode.c.objc; explicitFileType = undefined; includeInIndex = 0; };
		00B7E30343C84B91B6BCCF99 /* CULHost.m */ = {isa = PBXFileReference; name = "CULHost.m"; path = "cordova-universal-links-plugin/Model/CULHost.m"; sourceTree = "<group>"; fileEncoding = 4; lastKnownFileType = sourcecode.c.objc; explicitFileType = undefined; includeInIndex = 0; };
		F4FEB96D7ADD4C20A1A2F6EE /* CULPath.m */ = {isa = PBXFileReference; name = "CULPath.m"; path = "cordova-universal-links-plugin/Model/CULPath.m"; sourceTree = "<group>"; fileEncoding = 4; lastKnownFileType = sourcecode.c.objc; explicitFileType = undefined; includeInIndex = 0; };
		399E1DA46C6248D3B5579ABD /* CULXmlTags.m */ = {isa = PBXFileReference; name = "CULXmlTags.m"; path = "cordova-universal-links-plugin/Parser/XML/CULXmlTags.m"; sourceTree = "<group>"; fileEncoding = 4; lastKnownFileType = sourcecode.c.objc; explicitFileType = undefined; includeInIndex = 0; };
		425207EB85B24FFE9AA16386 /* CULConfigXmlParser.m */ = {isa = PBXFileReference; name = "CULConfigXmlParser.m"; path = "cordova-universal-links-plugin/Parser/XML/CULConfigXmlParser.m"; sourceTree = "<group>"; fileEncoding = 4; lastKnownFileType = sourcecode.c.objc; explicitFileType = undefined; includeInIndex = 0; };
		08E4864817FC46F3B7D636A9 /* CULConfigJsonParser.m */ = {isa = PBXFileReference; name = "CULConfigJsonParser.m"; path = "cordova-universal-links-plugin/Parser/JSON/CULConfigJsonParser.m"; sourceTree = "<group>"; fileEncoding = 4; lastKnownFileType = sourcecode.c.objc; explicitFileType = undefined; includeInIndex = 0; };
		70C6507068AD482A9C22C9A7 /* NSBundle+CULPlugin.m */ = {isa = PBXFileReference; name = "NSBundle+CULPlugin.m"; path = "cordova-universal-links-plugin/Utils/NSBundle+CULPlugin.m"; sourceTree = "<group>"; fileEncoding = 4; lastKnownFileType = sourcecode.c.objc; explicitFileType = undefined; includeInIndex = 0; };
		F55133192F3A46A78EDBC9A9 /* CULPlugin.h */ = {isa = PBXFileReference; name = "CULPlugin.h"; path = "cordova-universal-links-plugin/CULPlugin.h"; sourceTree = "<group>"; fileEncoding = 4; lastKnownFileType = sourcecode.c.h; explicitFileType = undefined; includeInIndex = 0; };
		60A2A4F5E58B405AA02E61EA /* AppDelegate+CULPlugin.h */ = {isa = PBXFileReference; name = "AppDelegate+CULPlugin.h"; path = "cordova-universal-links-plugin/AppDelegate+CULPlugin.h"; sourceTree = "<group>"; fileEncoding = 4; lastKnownFileType = sourcecode.c.h; explicitFileType = undefined; includeInIndex = 0; };
		A2467A14AA3A4F3CAF235BC9 /* CDVPluginResult+CULPlugin.h */ = {isa = PBXFileReference; name = "CDVPluginResult+CULPlugin.h"; path = "cordova-universal-links-plugin/JS/CDVPluginResult+CULPlugin.h"; sourceTree = "<group>"; fileEncoding = 4; lastKnownFileType = sourcecode.c.h; explicitFileType = undefined; includeInIndex = 0; };
		B3571165D671419DA26E5138 /* CDVInvokedUrlCommand+CULPlugin.h */ = {isa = PBXFileReference; name = "CDVInvokedUrlCommand+CULPlugin.h"; path = "cordova-universal-links-plugin/JS/CDVInvokedUrlCommand+CULPlugin.h"; sourceTree = "<group>"; fileEncoding = 4; lastKnownFileType = sourcecode.c.h; explicitFileType = undefined; includeInIndex = 0; };
		5A17C94BD4EA40BA9C876931 /* CULHost.h */ = {isa = PBXFileReference; name = "CULHost.h"; path = "cordova-universal-links-plugin/Model/CULHost.h"; sourceTree = "<group>"; fileEncoding = 4; lastKnownFileType = sourcecode.c.h; explicitFileType = undefined; includeInIndex = 0; };
		5574AB0C81BA4009840A3E01 /* CULPath.h */ = {isa = PBXFileReference; name = "CULPath.h"; path = "cordova-universal-links-plugin/Model/CULPath.h"; sourceTree = "<group>"; fileEncoding = 4; lastKnownFileType = sourcecode.c.h; explicitFileType = undefined; includeInIndex = 0; };
		CBF519DF4643411EB256857E /* CULXmlTags.h */ = {isa = PBXFileReference; name = "CULXmlTags.h"; path = "cordova-universal-links-plugin/Parser/XML/CULXmlTags.h"; sourceTree = "<group>"; fileEncoding = 4; lastKnownFileType = sourcecode.c.h; explicitFileType = undefined; includeInIndex = 0; };
		D83721EC5A6B49028AA566A0 /* CULConfigXmlParser.h */ = {isa = PBXFileReference; name = "CULConfigXmlParser.h"; path = "cordova-universal-links-plugin/Parser/XML/CULConfigXmlParser.h"; sourceTree = "<group>"; fileEncoding = 4; lastKnownFileType = sourcecode.c.h; explicitFileType = undefined; includeInIndex = 0; };
		60F92629B92C4683A0C47F00 /* CULConfigJsonParser.h */ = {isa = PBXFileReference; name = "CULConfigJsonParser.h"; path = "cordova-universal-links-plugin/Parser/JSON/CULConfigJsonParser.h"; sourceTree = "<group>"; fileEncoding = 4; lastKnownFileType = sourcecode.c.h; explicitFileType = undefined; includeInIndex = 0; };
		E2AFF0F3E60243F59778BF2F /* NSBundle+CULPlugin.h */ = {isa = PBXFileReference; name = "NSBundle+CULPlugin.h"; path = "cordova-universal-links-plugin/Utils/NSBundle+CULPlugin.h"; sourceTree = "<group>"; fileEncoding = 4; lastKnownFileType = sourcecode.c.h; explicitFileType = undefined; includeInIndex = 0; };
		3A12F5F8B1C74036A157A4E9 /* Nattlivet.entitlements */ = {isa = PBXFileReference; name = "Nattlivet.entitlements"; path = "Nattlivet.entitlements"; sourceTree = "<group>"; fileEncoding = undefined; lastKnownFileType = unknown; explicitFileType = undefined; includeInIndex = 0; };
/* End PBXFileReference section */

/* Begin PBXFrameworksBuildPhase section */
		1D60588F0D05DD3D006BFB54 /* Frameworks */ = {
			isa = PBXFrameworksBuildPhase;
			buildActionMask = 2147483647;
			files = (
				301BF552109A68D80062928A /* libCordova.a in Frameworks */,
				5FE23EAB50F84546A35A8600 /* SafariServices.framework in Frameworks */,
				750C7A9D3AE041B49DA82913 /* AudioToolbox.framework in Frameworks */,
				A0D7402ADE9144DAA9CF6C68 /* libc++.tbd in Frameworks */,
				0FA5979AF766424F8765DD5C /* libz.tbd in Frameworks */,
				DD62057FC1794445A7BD2C72 /* AddressBook.framework in Frameworks */,
				455504F427664399BA4B3649 /* libsqlite3.0.tbd in Frameworks */,
				A22AF976773E4F2E96AEAC84 /* Security.framework in Frameworks */,
				9520EDF5D465DC8758C2DA05 /* libPods-Nattlivet.a in Frameworks */,
				4C3A766BE2504565AA076ADD /* CoreLocation.framework in Frameworks */,
				897B307BE53B439190C211A2 /* SystemConfiguration.framework in Frameworks */,
				244B2641BA18417BB6160031 /* CoreTelephony.framework in Frameworks */,
			);
			runOnlyForDeploymentPostprocessing = 0;
		};
/* End PBXFrameworksBuildPhase section */

/* Begin PBXGroup section */
		080E96DDFE201D6D7F000001 /* Classes */ = {
			isa = PBXGroup;
			children = (
				302D95EE14D2391D003F00A1 /* MainViewController.h */,
				302D95EF14D2391D003F00A1 /* MainViewController.m */,
				302D95F014D2391D003F00A1 /* MainViewController.xib */,
				1D3623240D0F684500981E51 /* AppDelegate.h */,
				1D3623250D0F684500981E51 /* AppDelegate.m */,
			);
			name = Classes;
			path = Nattlivet/Classes;
			sourceTree = SOURCE_ROOT;
		};
		19C28FACFE9D520D11CA2CBB /* Products */ = {
			isa = PBXGroup;
			children = (
				1D6058910D05DD3D006BFB54 /* Nattlivet.app */,
			);
			name = Products;
			sourceTree = "<group>";
		};
		29B97314FDCFA39411CA2CEA = {
			isa = PBXGroup;
			children = (
				EB87FDF41871DAF40020F90C /* config.xml */,
				EB87FDF31871DA8E0020F90C /* www */,
				EB87FDF11871DA420020F90C /* Staging */,
				301BF52D109A57CC0062928A /* CordovaLib.xcodeproj */,
				080E96DDFE201D6D7F000001 /* Classes */,
				307C750510C5A3420062BCA9 /* Plugins */,
				29B97315FDCFA39411CA2CEA /* Other Sources */,
				29B97317FDCFA39411CA2CEA /* Resources */,
				29B97323FDCFA39411CA2CEA /* Frameworks */,
				19C28FACFE9D520D11CA2CBB /* Products */,
				9463A75C550B125A0C2B5BFA /* Pods */,
			);
			name = CustomTemplate;
			sourceTree = "<group>";
		};
		29B97315FDCFA39411CA2CEA /* Other Sources */ = {
			isa = PBXGroup;
			children = (
				32CA4F630368D1EE00C91783 /* Nattlivet-Prefix.pch */,
				29B97316FDCFA39411CA2CEA /* main.m */,
				ED33DF2A687741AEAF9F8254 /* Bridging-Header.h */,
			);
			name = "Other Sources";
			path = Nattlivet;
			sourceTree = "<group>";
		};
		29B97317FDCFA39411CA2CEA /* Resources */ = {
			isa = PBXGroup;
			children = (
				0207DA571B56EA530066E2B4 /* Images.xcassets */,
				3047A50E1AB8057F00498E2A /* config */,
				8D1107310486CEB800E47090 /* Nattlivet-Info.plist */,
				6AFF5BF81D6E424B00AB3073 /* CDVLaunchScreen.storyboard */,
				F8126ECB87D846E2A361AB16 /* CDVNotification.bundle */,
				FCB2852F2EB34181A1232FD2 /* GoogleService-Info.plist */,
				3A12F5F8B1C74036A157A4E9 /* Nattlivet.entitlements */,
			);
			name = Resources;
			path = Nattlivet/Resources;
			sourceTree = "<group>";
		};
		29B97323FDCFA39411CA2CEA /* Frameworks */ = {
			isa = PBXGroup;
			children = (
				FFB75D84B1F44879A558414A /* SafariServices.framework */,
				FA582983375047B2BFC3F097 /* AudioToolbox.framework */,
				47D5056CD56144C1A750E9FC /* libc++.tbd */,
				0DB9ADA3BC284E3D86F82BC6 /* libz.tbd */,
				99EDE3C66FFA48B5914E70ED /* AddressBook.framework */,
				E2946D64AFBD4D45905AAB26 /* libsqlite3.0.tbd */,
				D057B68C3828440A82CB1DF1 /* Security.framework */,
				FCE6F0949AC742E9890DDBAB /* libPods-Nattlivet.a */,
				0EC09F3B705F456CB8D61E1B /* CoreLocation.framework */,
				A28AB46E20944B7DAE917331 /* SystemConfiguration.framework */,
				444CEAEB6267450D8E092B8E /* CoreTelephony.framework */,
			);
			name = Frameworks;
			sourceTree = "<group>";
		};
		301BF52E109A57CC0062928A /* Products */ = {
			isa = PBXGroup;
			children = (
				301BF535109A57CC0062928A /* libCordova.a */,
				907D8124214C687600058A10 /* Cordova.framework */,
			);
			name = Products;
			sourceTree = "<group>";
		};
		3047A50E1AB8057F00498E2A /* config */ = {
			isa = PBXGroup;
			children = (
				3047A50F1AB8059700498E2A /* build-debug.xcconfig */,
				3047A5101AB8059700498E2A /* build-release.xcconfig */,
				3047A5111AB8059700498E2A /* build.xcconfig */,
			);
			name = config;
			sourceTree = "<group>";
		};
		307C750510C5A3420062BCA9 /* Plugins */ = {
			isa = PBXGroup;
			children = (
				7F459F4E0F224229BCA6260A /* CBTBrowserTab.m */,
				8DAD4F51BFF948EFBFF3D443 /* CBTBrowserTab.h */,
				33D889C57C9842ACB9DAD87F /* CDVBuildInfo.m */,
				98D5CA22A036418E9F485D81 /* CDVBuildInfo.h */,
				0844E0F9F7134BE6AE7A14DA /* CDVNotification.m */,
				F8AEF6FF47C14CA5AD2534E9 /* CDVNotification.h */,
				5507A8FE5D2D43B48B76B32E /* FCMPlugin.m */,
				72A8DDB280C942D6A3A99FE0 /* AppDelegate+FCMPlugin.m */,
				B0025E9B4B06430CAADD279D /* FCMPlugin.h */,
				FF8C6E225A4B4F1188040C78 /* AppDelegate+FCMPlugin.h */,
				B7A917D2341A43FAB0D7C551 /* CDVLocation.m */,
				D55783C1849C4FF6BB1BB4A0 /* CDVLocation.h */,
				5DC6174FA81047C58C92D787 /* CDVInAppBrowser.m */,
				C17A0697D3164EADB62D1C32 /* CDVInAppBrowserOptions.m */,
				3EC37F6605284CBD90942E05 /* CDVInAppBrowserNavigationController.m */,
				EE3084F8D47B40F0A04AAEC9 /* CDVUIInAppBrowser.m */,
				856A9A59E9564E6C93D7BFF1 /* CDVWKInAppBrowser.m */,
				6F29C905A1F84E28B37CD5E5 /* CDVWKInAppBrowserUIDelegate.m */,
				4D0275FBA80D47D3B56BB6CE /* CDVInAppBrowser.h */,
				BD97E80BA5E7459CB27D1EE3 /* CDVInAppBrowserOptions.h */,
				1D55897F671C4C1E86C9811F /* CDVInAppBrowserNavigationController.h */,
				10973CB1D45546AA8EB1D780 /* CDVUIInAppBrowser.h */,
				449A69BE2CF24897AE264CE5 /* CDVWKInAppBrowser.h */,
				72623C2162084515B21C3A6B /* CDVWKInAppBrowserUIDelegate.h */,
				C03E8486EE244657B03DDEE3 /* CDVConnection.m */,
				AC22D8402CFA4A0DB4CFACE5 /* CDVReachability.m */,
				5FC52E8625C447EBB5184004 /* CDVConnection.h */,
				C955D453757A455598243022 /* CDVReachability.h */,
				43152B2B7F954F26A97F6707 /* CULPlugin.m */,
				C8A3FAB53B8848F286AD98A3 /* AppDelegate+CULPlugin.m */,
				F576B587CAF64C09821E6E4B /* CDVPluginResult+CULPlugin.m */,
				1EA31061696D47B99D680279 /* CDVInvokedUrlCommand+CULPlugin.m */,
				00B7E30343C84B91B6BCCF99 /* CULHost.m */,
				F4FEB96D7ADD4C20A1A2F6EE /* CULPath.m */,
				399E1DA46C6248D3B5579ABD /* CULXmlTags.m */,
				425207EB85B24FFE9AA16386 /* CULConfigXmlParser.m */,
				08E4864817FC46F3B7D636A9 /* CULConfigJsonParser.m */,
				70C6507068AD482A9C22C9A7 /* NSBundle+CULPlugin.m */,
				F55133192F3A46A78EDBC9A9 /* CULPlugin.h */,
				60A2A4F5E58B405AA02E61EA /* AppDelegate+CULPlugin.h */,
				A2467A14AA3A4F3CAF235BC9 /* CDVPluginResult+CULPlugin.h */,
				B3571165D671419DA26E5138 /* CDVInvokedUrlCommand+CULPlugin.h */,
				5A17C94BD4EA40BA9C876931 /* CULHost.h */,
				5574AB0C81BA4009840A3E01 /* CULPath.h */,
				CBF519DF4643411EB256857E /* CULXmlTags.h */,
				D83721EC5A6B49028AA566A0 /* CULConfigXmlParser.h */,
				60F92629B92C4683A0C47F00 /* CULConfigJsonParser.h */,
				E2AFF0F3E60243F59778BF2F /* NSBundle+CULPlugin.h */,
			);
			name = Plugins;
			path = Nattlivet/Plugins;
			sourceTree = SOURCE_ROOT;
		};
		9463A75C550B125A0C2B5BFA /* Pods */ = {
			isa = PBXGroup;
			children = (
				FBF55BE75732AB38790FA3F3 /* Pods-Nattlivet.debug.xcconfig */,
				AAA413F6EFCA0E039666C9E6 /* Pods-Nattlivet.release.xcconfig */,
			);
			name = Pods;
			path = Pods;
			sourceTree = "<group>";
		};
		EB87FDF11871DA420020F90C /* Staging */ = {
			isa = PBXGroup;
			children = (
				F840E1F0165FE0F500CFE078 /* config.xml */,
				301BF56E109A69640062928A /* www */,
			);
			name = Staging;
			sourceTree = "<group>";
		};
/* End PBXGroup section */

/* Begin PBXNativeTarget section */
		1D6058900D05DD3D006BFB54 /* Nattlivet */ = {
			isa = PBXNativeTarget;
			buildConfigurationList = 1D6058960D05DD3E006BFB54 /* Build configuration list for PBXNativeTarget "Nattlivet" */;
			buildPhases = (
				CD0E12C74D3FDFE6725F8E99 /* [CP] Check Pods Manifest.lock */,
				304B58A110DAC018002A0835 /* Copy www directory */,
				1D60588D0D05DD3D006BFB54 /* Resources */,
				1D60588E0D05DD3D006BFB54 /* Sources */,
				1D60588F0D05DD3D006BFB54 /* Frameworks */,
			);
			buildRules = (
			);
			dependencies = (
				301BF551109A68C00062928A /* PBXTargetDependency */,
			);
			name = Nattlivet;
			productName = Nattlivet;
			productReference = 1D6058910D05DD3D006BFB54 /* Nattlivet.app */;
			productType = "com.apple.product-type.application";
		};
/* End PBXNativeTarget section */

/* Begin PBXProject section */
		29B97313FDCFA39411CA2CEA /* Project object */ = {
			isa = PBXProject;
			attributes = {
				LastUpgradeCheck = 510;
				TargetAttributes = {
					1D6058900D05DD3D006BFB54 = {
						ProvisioningStyle = Automatic;
					};
				};
			};
			buildConfigurationList = C01FCF4E08A954540054247B /* Build configuration list for PBXProject "Nattlivet" */;
			compatibilityVersion = "Xcode 3.2";
			developmentRegion = English;
			hasScannedForEncodings = 1;
			mainGroup = 29B97314FDCFA39411CA2CEA;
			productRefGroup = 19C28FACFE9D520D11CA2CBB /* Products */;
			projectDirPath = "";
			projectReferences = (
				{
					ProductGroup = 301BF52E109A57CC0062928A /* Products */;
					ProjectRef = 301BF52D109A57CC0062928A /* CordovaLib.xcodeproj */;
				},
			);
			projectRoot = "";
			targets = (
				1D6058900D05DD3D006BFB54 /* Nattlivet */,
			);
		};
/* End PBXProject section */

/* Begin PBXReferenceProxy section */
		301BF535109A57CC0062928A /* libCordova.a */ = {
			isa = PBXReferenceProxy;
			fileType = archive.ar;
			path = libCordova.a;
			remoteRef = 301BF534109A57CC0062928A /* PBXContainerItemProxy */;
			sourceTree = BUILT_PRODUCTS_DIR;
		};
		907D8124214C687600058A10 /* Cordova.framework */ = {
			isa = PBXReferenceProxy;
			fileType = wrapper.framework;
			path = Cordova.framework;
			remoteRef = 907D8123214C687600058A10 /* PBXContainerItemProxy */;
			sourceTree = BUILT_PRODUCTS_DIR;
		};
/* End PBXReferenceProxy section */

/* Begin PBXResourcesBuildPhase section */
		1D60588D0D05DD3D006BFB54 /* Resources */ = {
			isa = PBXResourcesBuildPhase;
			buildActionMask = 2147483647;
			files = (
				302D95F214D2391D003F00A1 /* MainViewController.xib in Resources */,
				0207DA581B56EA530066E2B4 /* Images.xcassets in Resources */,
				6AFF5BF91D6E424B00AB3073 /* CDVLaunchScreen.storyboard in Resources */,
				1FAFBE06646145F4AE21C114 /* CDVNotification.bundle in Resources */,
				7E4233586B3642E19AEF38C7 /* GoogleService-Info.plist in Resources */,
				A253A059011E46C191873A88 /* Nattlivet.entitlements in Resources */,
			);
			runOnlyForDeploymentPostprocessing = 0;
		};
/* End PBXResourcesBuildPhase section */

/* Begin PBXShellScriptBuildPhase section */
		304B58A110DAC018002A0835 /* Copy www directory */ = {
			isa = PBXShellScriptBuildPhase;
			buildActionMask = 2147483647;
			files = (
			);
			inputPaths = (
			);
			name = "Copy www directory";
			outputPaths = (
			);
			runOnlyForDeploymentPostprocessing = 0;
			shellPath = /bin/sh;
			shellScript = "\"$SRCROOT/Nattlivet/Scripts/copy-www-build-step.sh\"";
			showEnvVarsInLog = 0;
		};
		CD0E12C74D3FDFE6725F8E99 /* [CP] Check Pods Manifest.lock */ = {
			isa = PBXShellScriptBuildPhase;
			buildActionMask = 2147483647;
			files = (
			);
			inputFileListPaths = (
			);
			inputPaths = (
				"${PODS_PODFILE_DIR_PATH}/Podfile.lock",
				"${PODS_ROOT}/Manifest.lock",
			);
			name = "[CP] Check Pods Manifest.lock";
			outputFileListPaths = (
			);
			outputPaths = (
				"$(DERIVED_FILE_DIR)/Pods-Nattlivet-checkManifestLockResult.txt",
			);
			runOnlyForDeploymentPostprocessing = 0;
			shellPath = /bin/sh;
			shellScript = "diff \"${PODS_PODFILE_DIR_PATH}/Podfile.lock\" \"${PODS_ROOT}/Manifest.lock\" > /dev/null\nif [ $? != 0 ] ; then\n    # print error to STDERR\n    echo \"error: The sandbox is not in sync with the Podfile.lock. Run 'pod install' or update your CocoaPods installation.\" >&2\n    exit 1\nfi\n# This output is used by Xcode 'outputs' to avoid re-running this script phase.\necho \"SUCCESS\" > \"${SCRIPT_OUTPUT_FILE_0}\"\n";
			showEnvVarsInLog = 0;
		};
/* End PBXShellScriptBuildPhase section */

/* Begin PBXSourcesBuildPhase section */
		1D60588E0D05DD3D006BFB54 /* Sources */ = {
			isa = PBXSourcesBuildPhase;
			buildActionMask = 2147483647;
			files = (
				1D60589B0D05DD56006BFB54 /* main.m in Sources */,
				1D3623260D0F684500981E51 /* AppDelegate.m in Sources */,
				302D95F114D2391D003F00A1 /* MainViewController.m in Sources */,
				B2AA8214E66A4F648DEDE7F0 /* CBTBrowserTab.m in Sources */,
				5EAB41B1C02E4B28A7BD20BF /* CDVBuildInfo.m in Sources */,
				432609AC78384A77BF9B156A /* CDVNotification.m in Sources */,
				013025B542674BB9A8381C5A /* FCMPlugin.m in Sources */,
				018D82D37D064F6DA3FB8E13 /* AppDelegate+FCMPlugin.m in Sources */,
				AF8DC92669FD455D9F1C63CB /* CDVLocation.m in Sources */,
				CCE94316532C439BA77CE51C /* CDVInAppBrowser.m in Sources */,
				1F16B43ADD9847DEA06130E9 /* CDVInAppBrowserOptions.m in Sources */,
				9237167A317E449683A3F79F /* CDVInAppBrowserNavigationController.m in Sources */,
				6D7A9EB9B0EE4C71B95EED7B /* CDVUIInAppBrowser.m in Sources */,
				F11A7B1BBD2646A2A96FED0B /* CDVWKInAppBrowser.m in Sources */,
				921BAF5D14DA43D09D82B605 /* CDVWKInAppBrowserUIDelegate.m in Sources */,
				DCB3731E2043454C8D2569E9 /* CDVConnection.m in Sources */,
				9C360577EE4649CF8323EF0C /* CDVReachability.m in Sources */,
				1498ADE3DAF34B88A5F1F7DA /* CULPlugin.m in Sources */,
				1C3BB36294404613BD32A00B /* AppDelegate+CULPlugin.m in Sources */,
				539C547E935A490EB612E5E9 /* CDVPluginResult+CULPlugin.m in Sources */,
				87C30F760F874B95B03FE17B /* CDVInvokedUrlCommand+CULPlugin.m in Sources */,
				0A6AEF69F8504CC5AC6A303D /* CULHost.m in Sources */,
				9402D4CF023E429BB06662DB /* CULPath.m in Sources */,
				1D90D3E2CC52454CADE165EF /* CULXmlTags.m in Sources */,
				9C1E23EA25EE492EA84C6F60 /* CULConfigXmlParser.m in Sources */,
				849148B7CECD4BA3A5D95D95 /* CULConfigJsonParser.m in Sources */,
				170012162900443F90F317C3 /* NSBundle+CULPlugin.m in Sources */,
			);
			runOnlyForDeploymentPostprocessing = 0;
		};
/* End PBXSourcesBuildPhase section */

/* Begin PBXTargetDependency section */
		301BF551109A68C00062928A /* PBXTargetDependency */ = {
			isa = PBXTargetDependency;
			name = CordovaLib;
			targetProxy = 301BF550109A68C00062928A /* PBXContainerItemProxy */;
		};
/* End PBXTargetDependency section */

/* Begin XCBuildConfiguration section */
		1D6058940D05DD3E006BFB54 /* Debug */ = {
			isa = XCBuildConfiguration;
			baseConfigurationReference = 3047A50F1AB8059700498E2A /* build-debug.xcconfig */;
			buildSettings = {
				ALWAYS_SEARCH_USER_PATHS = NO;
				ASSETCATALOG_COMPILER_APPICON_NAME = AppIcon;
				ASSETCATALOG_COMPILER_LAUNCHIMAGE_NAME = LaunchImage;
				CLANG_ENABLE_MODULES = YES;
				CLANG_ENABLE_OBJC_ARC = YES;
				COPY_PHASE_STRIP = NO;
				GCC_DYNAMIC_NO_PIC = NO;
				GCC_OPTIMIZATION_LEVEL = 0;
				GCC_PRECOMPILE_PREFIX_HEADER = YES;
				GCC_PREFIX_HEADER = "Nattlivet/Nattlivet-Prefix.pch";
				GCC_THUMB_SUPPORT = NO;
				GCC_VERSION = "";
				INFOPLIST_FILE = "Nattlivet/Nattlivet-Info.plist";
				IPHONEOS_DEPLOYMENT_TARGET = 10.0;
				LD_RUNPATH_SEARCH_PATHS = "@executable_path/Frameworks";
				PRODUCT_BUNDLE_IDENTIFIER = com.nattlivet.nattlivet;
				PRODUCT_NAME = "$(TARGET_NAME)";
				TARGETED_DEVICE_FAMILY = "1,2";
				CODE_SIGN_ENTITLEMENTS = "Nattlivet/Resources/Nattlivet.entitlements";
			};
			name = Debug;
		};
		1D6058950D05DD3E006BFB54 /* Release */ = {
			isa = XCBuildConfiguration;
			baseConfigurationReference = 3047A5101AB8059700498E2A /* build-release.xcconfig */;
			buildSettings = {
				ALWAYS_SEARCH_USER_PATHS = NO;
				ASSETCATALOG_COMPILER_APPICON_NAME = AppIcon;
				ASSETCATALOG_COMPILER_LAUNCHIMAGE_NAME = LaunchImage;
				CLANG_ENABLE_MODULES = YES;
				CLANG_ENABLE_OBJC_ARC = YES;
				COPY_PHASE_STRIP = YES;
				GCC_PRECOMPILE_PREFIX_HEADER = YES;
				GCC_PREFIX_HEADER = "Nattlivet/Nattlivet-Prefix.pch";
				GCC_THUMB_SUPPORT = NO;
				GCC_VERSION = "";
				INFOPLIST_FILE = "Nattlivet/Nattlivet-Info.plist";
				IPHONEOS_DEPLOYMENT_TARGET = 10.0;
				LD_RUNPATH_SEARCH_PATHS = "@executable_path/Frameworks";
				PRODUCT_BUNDLE_IDENTIFIER = com.nattlivet.nattlivet;
				PRODUCT_NAME = "$(TARGET_NAME)";
				TARGETED_DEVICE_FAMILY = "1,2";
				CODE_SIGN_ENTITLEMENTS = "Nattlivet/Resources/Nattlivet.entitlements";
			};
			name = Release;
		};
		C01FCF4F08A954540054247B /* Debug */ = {
			isa = XCBuildConfiguration;
			baseConfigurationReference = 3047A5111AB8059700498E2A /* build.xcconfig */;
			buildSettings = {
				CLANG_ENABLE_MODULES = YES;
				CLANG_ENABLE_OBJC_ARC = YES;
				CLANG_WARN_BLOCK_CAPTURE_AUTORELEASING = YES;
				CLANG_WARN_BOOL_CONVERSION = YES;
				CLANG_WARN_COMMA = YES;
				CLANG_WARN_CONSTANT_CONVERSION = YES;
				CLANG_WARN_DEPRECATED_OBJC_IMPLEMENTATIONS = YES;
				CLANG_WARN_EMPTY_BODY = YES;
				CLANG_WARN_ENUM_CONVERSION = YES;
				CLANG_WARN_INFINITE_RECURSION = YES;
				CLANG_WARN_INT_CONVERSION = YES;
				CLANG_WARN_NON_LITERAL_NULL_CONVERSION = YES;
				CLANG_WARN_OBJC_IMPLICIT_RETAIN_SELF = YES;
				CLANG_WARN_OBJC_LITERAL_CONVERSION = YES;
				CLANG_WARN_RANGE_LOOP_ANALYSIS = YES;
				CLANG_WARN_STRICT_PROTOTYPES = YES;
				CLANG_WARN_SUSPICIOUS_MOVE = YES;
				CLANG_WARN_UNREACHABLE_CODE = YES;
				CLANG_WARN__DUPLICATE_METHOD_MATCH = YES;
				ENABLE_STRICT_OBJC_MSGSEND = YES;
				ENABLE_TESTABILITY = YES;
				GCC_C_LANGUAGE_STANDARD = c99;
				GCC_NO_COMMON_BLOCKS = YES;
				GCC_THUMB_SUPPORT = NO;
				GCC_VERSION = "";
				GCC_WARN_64_TO_32_BIT_CONVERSION = YES;
				GCC_WARN_ABOUT_RETURN_TYPE = YES;
				GCC_WARN_UNDECLARED_SELECTOR = YES;
				GCC_WARN_UNINITIALIZED_AUTOS = YES;
				GCC_WARN_UNUSED_FUNCTION = YES;
				GCC_WARN_UNUSED_VARIABLE = YES;
				ONLY_ACTIVE_ARCH = YES;
				PRODUCT_BUNDLE_IDENTIFIER = com.nattlivet.nattlivet;
				SDKROOT = iphoneos;
				SKIP_INSTALL = NO;
				WK_WEB_VIEW_ONLY = 0;
				CODE_SIGN_ENTITLEMENTS = "Nattlivet/Resources/Nattlivet.entitlements";
				IPHONEOS_DEPLOYMENT_TARGET = 8.0;
			};
			name = Debug;
		};
		C01FCF5008A954540054247B /* Release */ = {
			isa = XCBuildConfiguration;
			baseConfigurationReference = 3047A5111AB8059700498E2A /* build.xcconfig */;
			buildSettings = {
				CLANG_ENABLE_MODULES = YES;
				CLANG_ENABLE_OBJC_ARC = YES;
				CLANG_WARN_BLOCK_CAPTURE_AUTORELEASING = YES;
				CLANG_WARN_BOOL_CONVERSION = YES;
				CLANG_WARN_COMMA = YES;
				CLANG_WARN_CONSTANT_CONVERSION = YES;
				CLANG_WARN_DEPRECATED_OBJC_IMPLEMENTATIONS = YES;
				CLANG_WARN_EMPTY_BODY = YES;
				CLANG_WARN_ENUM_CONVERSION = YES;
				CLANG_WARN_INFINITE_RECURSION = YES;
				CLANG_WARN_INT_CONVERSION = YES;
				CLANG_WARN_NON_LITERAL_NULL_CONVERSION = YES;
				CLANG_WARN_OBJC_IMPLICIT_RETAIN_SELF = YES;
				CLANG_WARN_OBJC_LITERAL_CONVERSION = YES;
				CLANG_WARN_RANGE_LOOP_ANALYSIS = YES;
				CLANG_WARN_STRICT_PROTOTYPES = YES;
				CLANG_WARN_SUSPICIOUS_MOVE = YES;
				CLANG_WARN_UNREACHABLE_CODE = YES;
				CLANG_WARN__DUPLICATE_METHOD_MATCH = YES;
				ENABLE_STRICT_OBJC_MSGSEND = YES;
				GCC_C_LANGUAGE_STANDARD = c99;
				GCC_NO_COMMON_BLOCKS = YES;
				GCC_THUMB_SUPPORT = NO;
				GCC_VERSION = "";
				GCC_WARN_64_TO_32_BIT_CONVERSION = YES;
				GCC_WARN_ABOUT_RETURN_TYPE = YES;
				GCC_WARN_UNDECLARED_SELECTOR = YES;
				GCC_WARN_UNINITIALIZED_AUTOS = YES;
				GCC_WARN_UNUSED_FUNCTION = YES;
				GCC_WARN_UNUSED_VARIABLE = YES;
				PRODUCT_BUNDLE_IDENTIFIER = com.nattlivet.nattlivet;
				SDKROOT = iphoneos;
				SKIP_INSTALL = NO;
				WK_WEB_VIEW_ONLY = 0;
				CODE_SIGN_ENTITLEMENTS = "Nattlivet/Resources/Nattlivet.entitlements";
				IPHONEOS_DEPLOYMENT_TARGET = 8.0;
			};
			name = Release;
		};
/* End XCBuildConfiguration section */

/* Begin XCConfigurationList section */
		1D6058960D05DD3E006BFB54 /* Build configuration list for PBXNativeTarget "Nattlivet" */ = {
			isa = XCConfigurationList;
			buildConfigurations = (
				1D6058940D05DD3E006BFB54 /* Debug */,
				1D6058950D05DD3E006BFB54 /* Release */,
			);
			defaultConfigurationIsVisible = 0;
			defaultConfigurationName = Release;
		};
		C01FCF4E08A954540054247B /* Build configuration list for PBXProject "Nattlivet" */ = {
			isa = XCConfigurationList;
			buildConfigurations = (
				C01FCF4F08A954540054247B /* Debug */,
				C01FCF5008A954540054247B /* Release */,
			);
			defaultConfigurationIsVisible = 0;
			defaultConfigurationName = Release;
		};
/* End XCConfigurationList section */
	};
	rootObject = 29B97313FDCFA39411CA2CEA /* Project object */;
}
