// !$*UTF8*$!
{
	archiveVersion = 1;
	classes = {
	};
	objectVersion = 46;
	objects = {

/* Begin PBXBuildFile section */
		0207DA581B56EA530066E2B4 /* Images.xcassets in Resources */ = {isa = PBXBuildFile; fileRef = 0207DA571B56EA530066E2B4 /* Images.xcassets */; };
		1D3623260D0F684500981E51 /* AppDelegate.m in Sources */ = {isa = PBXBuildFile; fileRef = 1D3623250D0F684500981E51 /* AppDelegate.m */; };
		1D60589B0D05DD56006BFB54 /* main.m in Sources */ = {isa = PBXBuildFile; fileRef = 29B97316FDCFA39411CA2CEA /* main.m */; };
		301BF552109A68D80062928A /* libCordova.a in Frameworks */ = {isa = PBXBuildFile; fileRef = 301BF535109A57CC0062928A /* libCordova.a */; settings = {ATTRIBUTES = (Required, ); }; };
		302D95F114D2391D003F00A1 /* MainViewController.m in Sources */ = {isa = PBXBuildFile; fileRef = 302D95EF14D2391D003F00A1 /* MainViewController.m */; };
		302D95F214D2391D003F00A1 /* MainViewController.xib in Resources */ = {isa = PBXBuildFile; fileRef = 302D95F014D2391D003F00A1 /* MainViewController.xib */; };
		6AFF5BF91D6E424B00AB3073 /* CDVLaunchScreen.storyboard in Resources */ = {isa = PBXBuildFile; fileRef = 6AFF5BF81D6E424B00AB3073 /* CDVLaunchScreen.storyboard */; };
		ADF9BE67C8834E65A6DE89D1 /* CDVBuildInfo.m in Sources */ = {isa = PBXBuildFile; fileRef = 0E2D67892CCC45CE84D8B337 /* CDVBuildInfo.m */; };
		380ABCEBE6E043C392C8C584 /* CULPlugin.m in Sources */ = {isa = PBXBuildFile; fileRef = 71A849C625864FE58E849C59 /* CULPlugin.m */; };
		F4C92568DF014E24BC215B6A /* AppDelegate+CULPlugin.m in Sources */ = {isa = PBXBuildFile; fileRef = 0DB28BBA609145CC99CF4DED /* AppDelegate+CULPlugin.m */; };
		B89D11EA617244EEBFE34643 /* CDVPluginResult+CULPlugin.m in Sources */ = {isa = PBXBuildFile; fileRef = 4D4DA711AB2C478DB3558CE2 /* CDVPluginResult+CULPlugin.m */; };
		0050693429EA4DE499E5AAAA /* CDVInvokedUrlCommand+CULPlugin.m in Sources */ = {isa = PBXBuildFile; fileRef = 7D55197650C344F2BCBAFD7D /* CDVInvokedUrlCommand+CULPlugin.m */; };
		917FCF767F5345DEBEE07201 /* CULHost.m in Sources */ = {isa = PBXBuildFile; fileRef = EB7C745F6C8D43ADA37475C0 /* CULHost.m */; };
		6A4736378C5B4EBFA53B346B /* CULPath.m in Sources */ = {isa = PBXBuildFile; fileRef = 6D3CAB73E1974A0AA9C42DE8 /* CULPath.m */; };
		0A6308AF545E42969C574DB8 /* CULXmlTags.m in Sources */ = {isa = PBXBuildFile; fileRef = A7000CA8A97242DF8ACA1B2F /* CULXmlTags.m */; };
		7DD645D70346478EB84971E9 /* CULConfigXmlParser.m in Sources */ = {isa = PBXBuildFile; fileRef = 4F41C562EFDB4C228E38D64F /* CULConfigXmlParser.m */; };
		EF17E02B235B41F1BBF79A9D /* CULConfigJsonParser.m in Sources */ = {isa = PBXBuildFile; fileRef = 3A879BFEDDCD4FB99A0AF2BB /* CULConfigJsonParser.m */; };
		2F5B50026B184E3EA2FE07D2 /* NSBundle+CULPlugin.m in Sources */ = {isa = PBXBuildFile; fileRef = 11FF61BC28C14463B6B52C47 /* NSBundle+CULPlugin.m */; };
		64DB9209C60A4A3B83ACF3A2 /* CBTBrowserTab.m in Sources */ = {isa = PBXBuildFile; fileRef = EAF4865C803849FB964A81C4 /* CBTBrowserTab.m */; };
		5B6F9474F49440DDBF1CE6D7 /* SafariServices.framework in Frameworks */ = {isa = PBXBuildFile; fileRef = 0AD1E6D08E714B8EA00930A7 /* SafariServices.framework */; settings = {ATTRIBUTES = (Weak, ); }; };
		302CCD6C22F04B65B97203FE /* CDVInAppBrowser.m in Sources */ = {isa = PBXBuildFile; fileRef = E0D9EE5397ED456CB9B68629 /* CDVInAppBrowser.m */; };
		71D21F4E441A4F8AA112D626 /* CDVInAppBrowserOptions.m in Sources */ = {isa = PBXBuildFile; fileRef = 2A36083D82AF4CF0A6CDC890 /* CDVInAppBrowserOptions.m */; };
		1CB51A98A9C24CBFB1301905 /* CDVInAppBrowserNavigationController.m in Sources */ = {isa = PBXBuildFile; fileRef = 0C35171681004DDB94920768 /* CDVInAppBrowserNavigationController.m */; };
		0D33ADD92EFA4FC69AC61CEC /* CDVUIInAppBrowser.m in Sources */ = {isa = PBXBuildFile; fileRef = 748506296C7D4788A55F53D4 /* CDVUIInAppBrowser.m */; };
		4052B27A61D2435893F068BD /* CDVWKInAppBrowser.m in Sources */ = {isa = PBXBuildFile; fileRef = 30BB990AAC5B425794DD6F98 /* CDVWKInAppBrowser.m */; };
		4F3712C7F80B412699121D75 /* CDVWKInAppBrowserUIDelegate.m in Sources */ = {isa = PBXBuildFile; fileRef = BAF0A4F6ADBD42CEA8A2FAF5 /* CDVWKInAppBrowserUIDelegate.m */; };
		43D375E3B98E4CABA3469BDE /* FCMPlugin.m in Sources */ = {isa = PBXBuildFile; fileRef = 42B50075C0B442958BF1A541 /* FCMPlugin.m */; };
		62D6F62DC7474AD9842A7D9B /* AppDelegate+FCMPlugin.m in Sources */ = {isa = PBXBuildFile; fileRef = 17B67000414C4B8AB49239E4 /* AppDelegate+FCMPlugin.m */; };
		0EA9D523625A419B86042BF2 /* GoogleService-Info.plist in Resources */ = {isa = PBXBuildFile; fileRef = 01CA8CD78FFF4F74AFACB80E /* GoogleService-Info.plist */; };
		348B5D12899A4DDFABA11153 /* FirebaseAnalytics.framework in Frameworks */ = {isa = PBXBuildFile; fileRef = 80D0CE9217B446C392B23D5B /* FirebaseAnalytics.framework */; };
		C5B262A5193144F984C362BD /* FirebaseCore.framework in Frameworks */ = {isa = PBXBuildFile; fileRef = B044CFDC76E443C6B4395DEB /* FirebaseCore.framework */; };
		6F307507ABD74C96814CE435 /* FirebaseInstanceID.framework in Frameworks */ = {isa = PBXBuildFile; fileRef = 0F311747484B40649014E118 /* FirebaseInstanceID.framework */; };
		F469C5D86B204956A2C5E26E /* FirebaseMessaging.framework in Frameworks */ = {isa = PBXBuildFile; fileRef = 9583471DFD22415EA181D40A /* FirebaseMessaging.framework */; };
		431F566418CC4D379614D9A3 /* GoogleInterchangeUtilities.framework in Frameworks */ = {isa = PBXBuildFile; fileRef = 06DBDD98EA1044D0AC30FDC0 /* GoogleInterchangeUtilities.framework */; };
		1706B341AB8F423590642D7A /* GoogleIPhoneUtilities.framework in Frameworks */ = {isa = PBXBuildFile; fileRef = B02A3AC21FBA4A369293FF55 /* GoogleIPhoneUtilities.framework */; };
		EC194CCCEC4C414CA4096DC7 /* GoogleSymbolUtilities.framework in Frameworks */ = {isa = PBXBuildFile; fileRef = C39613026F21474BAC127C7E /* GoogleSymbolUtilities.framework */; };
		00CAB1BC28B04AF98BF4D89E /* GoogleUtilities.framework in Frameworks */ = {isa = PBXBuildFile; fileRef = FAC5592E52AB4889993EB880 /* GoogleUtilities.framework */; };
		BD9BD17BB8E540CDB9820BA6 /* libc++.tbd in Frameworks */ = {isa = PBXBuildFile; fileRef = 61D2A16FEDF34383AE7B4FB1 /* libc++.tbd */; };
		3E52DF0EB19345459DE75EC3 /* libz.tbd in Frameworks */ = {isa = PBXBuildFile; fileRef = 2514FB0CBC2D461D925738FF /* libz.tbd */; };
		FD74A4D559CF4D73A667546C /* AddressBook.framework in Frameworks */ = {isa = PBXBuildFile; fileRef = F9DF5B2E58EE428AA301BDF3 /* AddressBook.framework */; };
		B6F31FCC72534F42B8B4E376 /* libsqlite3.0.tbd in Frameworks */ = {isa = PBXBuildFile; fileRef = 857B62A79A884DD5A2D307CF /* libsqlite3.0.tbd */; };
		9FF9FC1539F84D4A9DEE0237 /* Security.framework in Frameworks */ = {isa = PBXBuildFile; fileRef = A886794DFDC54EBFB47DED0A /* Security.framework */; };
		120346EA278D4E4F8706B43B /* CDVNotification.m in Sources */ = {isa = PBXBuildFile; fileRef = FD42B131DF2B4D07BE324480 /* CDVNotification.m */; };
		9342C274C3814B038D5F0074 /* CDVNotification.bundle in Resources */ = {isa = PBXBuildFile; fileRef = 2B10236808A84CDD9B728A54 /* CDVNotification.bundle */; };
		948A67A67DD74168B29799D3 /* AudioToolbox.framework in Frameworks */ = {isa = PBXBuildFile; fileRef = 82689CDDB8324D47B0DC934E /* AudioToolbox.framework */; settings = {ATTRIBUTES = (Weak, ); }; };
		EA54FA5F742A474E92C0D59D /* CDVConnection.m in Sources */ = {isa = PBXBuildFile; fileRef = 639B7F0752134996AA8C492D /* CDVConnection.m */; };
		B7D42406AFCE40ECB030C892 /* CDVReachability.m in Sources */ = {isa = PBXBuildFile; fileRef = 05BC9C91564644448B9CA2E7 /* CDVReachability.m */; };
		F0868CE22A0344FD9B36E808 /* SystemConfiguration.framework in Frameworks */ = {isa = PBXBuildFile; fileRef = 85BFD1D31ADC40768CFD36DE /* SystemConfiguration.framework */; settings = {ATTRIBUTES = (Weak, ); }; };
		28B757228C1D41D585F07551 /* CoreTelephony.framework in Frameworks */ = {isa = PBXBuildFile; fileRef = 0BE88530F2DF4A2F90541D09 /* CoreTelephony.framework */; };
		B83D37F751F34C4D8B4FC451 /* CDVLocation.m in Sources */ = {isa = PBXBuildFile; fileRef = 67B547E2D4C54F2DA7DE811F /* CDVLocation.m */; };
		B9AFB10E8A384A29B09B5C21 /* CoreLocation.framework in Frameworks */ = {isa = PBXBuildFile; fileRef = 5DA102B24DFE48D4A506E045 /* CoreLocation.framework */; };
/* End PBXBuildFile section */

/* Begin PBXContainerItemProxy section */
		301BF534109A57CC0062928A /* PBXContainerItemProxy */ = {
			isa = PBXContainerItemProxy;
			containerPortal = 301BF52D109A57CC0062928A /* CordovaLib.xcodeproj */;
			proxyType = 2;
			remoteGlobalIDString = D2AAC07E0554694100DB518D;
			remoteInfo = CordovaLib;
		};
		301BF550109A68C00062928A /* PBXContainerItemProxy */ = {
			isa = PBXContainerItemProxy;
			containerPortal = 301BF52D109A57CC0062928A /* CordovaLib.xcodeproj */;
			proxyType = 1;
			remoteGlobalIDString = D2AAC07D0554694100DB518D;
			remoteInfo = CordovaLib;
		};
		907D8123214C687600058A10 /* PBXContainerItemProxy */ = {
			isa = PBXContainerItemProxy;
			containerPortal = 301BF52D109A57CC0062928A /* CordovaLib.xcodeproj */;
			proxyType = 2;
			remoteGlobalIDString = C0C01EB21E3911D50056E6CB;
			remoteInfo = Cordova;
		};
/* End PBXContainerItemProxy section */

/* Begin PBXFileReference section */
		0207DA571B56EA530066E2B4 /* Images.xcassets */ = {isa = PBXFileReference; lastKnownFileType = folder.assetcatalog; name = Images.xcassets; path = "Nattlivet/Images.xcassets"; sourceTree = SOURCE_ROOT; };
		1D3623240D0F684500981E51 /* AppDelegate.h */ = {isa = PBXFileReference; fileEncoding = 4; lastKnownFileType = sourcecode.c.h; path = AppDelegate.h; sourceTree = "<group>"; };
		1D3623250D0F684500981E51 /* AppDelegate.m */ = {isa = PBXFileReference; fileEncoding = 4; lastKnownFileType = sourcecode.c.objc; path = AppDelegate.m; sourceTree = "<group>"; };
		1D6058910D05DD3D006BFB54 /* Nattlivet.app */ = {isa = PBXFileReference; explicitFileType = wrapper.application; includeInIndex = 0; path = "Nattlivet.app"; sourceTree = BUILT_PRODUCTS_DIR; };
		29B97316FDCFA39411CA2CEA /* main.m */ = {isa = PBXFileReference; fileEncoding = 4; lastKnownFileType = sourcecode.c.objc; path = main.m; sourceTree = "<group>"; };
		301BF52D109A57CC0062928A /* CordovaLib.xcodeproj */ = {isa = PBXFileReference; lastKnownFileType = "wrapper.pb-project"; name = CordovaLib.xcodeproj; path = CordovaLib/CordovaLib.xcodeproj; sourceTree = "<group>"; };
		301BF56E109A69640062928A /* www */ = {isa = PBXFileReference; lastKnownFileType = folder; path = www; sourceTree = SOURCE_ROOT; };
		302D95EE14D2391D003F00A1 /* MainViewController.h */ = {isa = PBXFileReference; fileEncoding = 4; lastKnownFileType = sourcecode.c.h; path = MainViewController.h; sourceTree = "<group>"; };
		302D95EF14D2391D003F00A1 /* MainViewController.m */ = {isa = PBXFileReference; fileEncoding = 4; lastKnownFileType = sourcecode.c.objc; path = MainViewController.m; sourceTree = "<group>"; };
		302D95F014D2391D003F00A1 /* MainViewController.xib */ = {isa = PBXFileReference; fileEncoding = 4; lastKnownFileType = file.xib; path = MainViewController.xib; sourceTree = "<group>"; };
		3047A50F1AB8059700498E2A /* build-debug.xcconfig */ = {isa = PBXFileReference; fileEncoding = 4; lastKnownFileType = text.xcconfig; name = "build-debug.xcconfig"; path = "cordova/build-debug.xcconfig"; sourceTree = SOURCE_ROOT; };
		3047A5101AB8059700498E2A /* build-release.xcconfig */ = {isa = PBXFileReference; fileEncoding = 4; lastKnownFileType = text.xcconfig; name = "build-release.xcconfig"; path = "cordova/build-release.xcconfig"; sourceTree = SOURCE_ROOT; };
		3047A5111AB8059700498E2A /* build.xcconfig */ = {isa = PBXFileReference; fileEncoding = 4; lastKnownFileType = text.xcconfig; name = build.xcconfig; path = cordova/build.xcconfig; sourceTree = SOURCE_ROOT; };
		32CA4F630368D1EE00C91783 /* Nattlivet-Prefix.pch */ = {isa = PBXFileReference; fileEncoding = 4; lastKnownFileType = sourcecode.c.h; path = "Nattlivet-Prefix.pch"; sourceTree = "<group>"; };
		6AFF5BF81D6E424B00AB3073 /* CDVLaunchScreen.storyboard */ = {isa = PBXFileReference; fileEncoding = 4; lastKnownFileType = file.storyboard; name = CDVLaunchScreen.storyboard; path = "Nattlivet/CDVLaunchScreen.storyboard"; sourceTree = SOURCE_ROOT; };
		8D1107310486CEB800E47090 /* Nattlivet-Info.plist */ = {isa = PBXFileReference; fileEncoding = 4; lastKnownFileType = text.plist.xml; name = "Nattlivet-Info.plist"; path = "Nattlivet/Nattlivet-Info.plist"; plistStructureDefinitionIdentifier = "com.apple.xcode.plist.structure-definition.iphone.info-plist"; sourceTree = SOURCE_ROOT; };
		EB87FDF31871DA8E0020F90C /* www */ = {isa = PBXFileReference; lastKnownFileType = folder; name = www; path = ../../www; sourceTree = "<group>"; };
		EB87FDF41871DAF40020F90C /* config.xml */ = {isa = PBXFileReference; lastKnownFileType = text.xml; name = config.xml; path = ../../config.xml; sourceTree = "<group>"; };
		ED33DF2A687741AEAF9F8254 /* Bridging-Header.h */ = {isa = PBXFileReference; fileEncoding = 4; lastKnownFileType = sourcecode.c.h; name = "Bridging-Header.h"; path = "Bridging-Header.h"; sourceTree = "<group>"; };
		F840E1F0165FE0F500CFE078 /* config.xml */ = {isa = PBXFileReference; lastKnownFileType = text.xml; name = config.xml; path = "Nattlivet/config.xml"; sourceTree = "<group>"; };
		0E2D67892CCC45CE84D8B337 /* CDVBuildInfo.m */ = {isa = PBXFileReference; name = "CDVBuildInfo.m"; path = "cordova-plugin-buildinfo/CDVBuildInfo.m"; sourceTree = "<group>"; fileEncoding = 4; lastKnownFileType = sourcecode.c.objc; explicitFileType = undefined; includeInIndex = 0; };
		E1049F65A28C49EB94C8B326 /* CDVBuildInfo.h */ = {isa = PBXFileReference; name = "CDVBuildInfo.h"; path = "cordova-plugin-buildinfo/CDVBuildInfo.h"; sourceTree = "<group>"; fileEncoding = 4; lastKnownFileType = sourcecode.c.h; explicitFileType = undefined; includeInIndex = 0; };
		71A849C625864FE58E849C59 /* CULPlugin.m */ = {isa = PBXFileReference; name = "CULPlugin.m"; path = "cordova-universal-links-plugin/CULPlugin.m"; sourceTree = "<group>"; fileEncoding = 4; lastKnownFileType = sourcecode.c.objc; explicitFileType = undefined; includeInIndex = 0; };
		0DB28BBA609145CC99CF4DED /* AppDelegate+CULPlugin.m */ = {isa = PBXFileReference; name = "AppDelegate+CULPlugin.m"; path = "cordova-universal-links-plugin/AppDelegate+CULPlugin.m"; sourceTree = "<group>"; fileEncoding = 4; lastKnownFileType = sourcecode.c.objc; explicitFileType = undefined; includeInIndex = 0; };
		4D4DA711AB2C478DB3558CE2 /* CDVPluginResult+CULPlugin.m */ = {isa = PBXFileReference; name = "CDVPluginResult+CULPlugin.m"; path = "cordova-universal-links-plugin/JS/CDVPluginResult+CULPlugin.m"; sourceTree = "<group>"; fileEncoding = 4; lastKnownFileType = sourcecode.c.objc; explicitFileType = undefined; includeInIndex = 0; };
		7D55197650C344F2BCBAFD7D /* CDVInvokedUrlCommand+CULPlugin.m */ = {isa = PBXFileReference; name = "CDVInvokedUrlCommand+CULPlugin.m"; path = "cordova-universal-links-plugin/JS/CDVInvokedUrlCommand+CULPlugin.m"; sourceTree = "<group>"; fileEncoding = 4; lastKnownFileType = sourcecode.c.objc; explicitFileType = undefined; includeInIndex = 0; };
		EB7C745F6C8D43ADA37475C0 /* CULHost.m */ = {isa = PBXFileReference; name = "CULHost.m"; path = "cordova-universal-links-plugin/Model/CULHost.m"; sourceTree = "<group>"; fileEncoding = 4; lastKnownFileType = sourcecode.c.objc; explicitFileType = undefined; includeInIndex = 0; };
		6D3CAB73E1974A0AA9C42DE8 /* CULPath.m */ = {isa = PBXFileReference; name = "CULPath.m"; path = "cordova-universal-links-plugin/Model/CULPath.m"; sourceTree = "<group>"; fileEncoding = 4; lastKnownFileType = sourcecode.c.objc; explicitFileType = undefined; includeInIndex = 0; };
		A7000CA8A97242DF8ACA1B2F /* CULXmlTags.m */ = {isa = PBXFileReference; name = "CULXmlTags.m"; path = "cordova-universal-links-plugin/Parser/XML/CULXmlTags.m"; sourceTree = "<group>"; fileEncoding = 4; lastKnownFileType = sourcecode.c.objc; explicitFileType = undefined; includeInIndex = 0; };
		4F41C562EFDB4C228E38D64F /* CULConfigXmlParser.m */ = {isa = PBXFileReference; name = "CULConfigXmlParser.m"; path = "cordova-universal-links-plugin/Parser/XML/CULConfigXmlParser.m"; sourceTree = "<group>"; fileEncoding = 4; lastKnownFileType = sourcecode.c.objc; explicitFileType = undefined; includeInIndex = 0; };
		3A879BFEDDCD4FB99A0AF2BB /* CULConfigJsonParser.m */ = {isa = PBXFileReference; name = "CULConfigJsonParser.m"; path = "cordova-universal-links-plugin/Parser/JSON/CULConfigJsonParser.m"; sourceTree = "<group>"; fileEncoding = 4; lastKnownFileType = sourcecode.c.objc; explicitFileType = undefined; includeInIndex = 0; };
		11FF61BC28C14463B6B52C47 /* NSBundle+CULPlugin.m */ = {isa = PBXFileReference; name = "NSBundle+CULPlugin.m"; path = "cordova-universal-links-plugin/Utils/NSBundle+CULPlugin.m"; sourceTree = "<group>"; fileEncoding = 4; lastKnownFileType = sourcecode.c.objc; explicitFileType = undefined; includeInIndex = 0; };
		B13859BB5C4B4032A7CC0C3A /* CULPlugin.h */ = {isa = PBXFileReference; name = "CULPlugin.h"; path = "cordova-universal-links-plugin/CULPlugin.h"; sourceTree = "<group>"; fileEncoding = 4; lastKnownFileType = sourcecode.c.h; explicitFileType = undefined; includeInIndex = 0; };
		63C399BA0F794F058EBBDA08 /* AppDelegate+CULPlugin.h */ = {isa = PBXFileReference; name = "AppDelegate+CULPlugin.h"; path = "cordova-universal-links-plugin/AppDelegate+CULPlugin.h"; sourceTree = "<group>"; fileEncoding = 4; lastKnownFileType = sourcecode.c.h; explicitFileType = undefined; includeInIndex = 0; };
		932A959249994650A5364765 /* CDVPluginResult+CULPlugin.h */ = {isa = PBXFileReference; name = "CDVPluginResult+CULPlugin.h"; path = "cordova-universal-links-plugin/JS/CDVPluginResult+CULPlugin.h"; sourceTree = "<group>"; fileEncoding = 4; lastKnownFileType = sourcecode.c.h; explicitFileType = undefined; includeInIndex = 0; };
		508C2F30E2A4436B904A2365 /* CDVInvokedUrlCommand+CULPlugin.h */ = {isa = PBXFileReference; name = "CDVInvokedUrlCommand+CULPlugin.h"; path = "cordova-universal-links-plugin/JS/CDVInvokedUrlCommand+CULPlugin.h"; sourceTree = "<group>"; fileEncoding = 4; lastKnownFileType = sourcecode.c.h; explicitFileType = undefined; includeInIndex = 0; };
		0DF7EB868EBA4ED58E221E00 /* CULHost.h */ = {isa = PBXFileReference; name = "CULHost.h"; path = "cordova-universal-links-plugin/Model/CULHost.h"; sourceTree = "<group>"; fileEncoding = 4; lastKnownFileType = sourcecode.c.h; explicitFileType = undefined; includeInIndex = 0; };
		C53E1142D4C94BFAA38F97BB /* CULPath.h */ = {isa = PBXFileReference; name = "CULPath.h"; path = "cordova-universal-links-plugin/Model/CULPath.h"; sourceTree = "<group>"; fileEncoding = 4; lastKnownFileType = sourcecode.c.h; explicitFileType = undefined; includeInIndex = 0; };
		8977ABB8CDF14914B97CF78B /* CULXmlTags.h */ = {isa = PBXFileReference; name = "CULXmlTags.h"; path = "cordova-universal-links-plugin/Parser/XML/CULXmlTags.h"; sourceTree = "<group>"; fileEncoding = 4; lastKnownFileType = sourcecode.c.h; explicitFileType = undefined; includeInIndex = 0; };
		123C481026A748F6A8B4295C /* CULConfigXmlParser.h */ = {isa = PBXFileReference; name = "CULConfigXmlParser.h"; path = "cordova-universal-links-plugin/Parser/XML/CULConfigXmlParser.h"; sourceTree = "<group>"; fileEncoding = 4; lastKnownFileType = sourcecode.c.h; explicitFileType = undefined; includeInIndex = 0; };
		09406F18F7C648F8B93D6B7D /* CULConfigJsonParser.h */ = {isa = PBXFileReference; name = "CULConfigJsonParser.h"; path = "cordova-universal-links-plugin/Parser/JSON/CULConfigJsonParser.h"; sourceTree = "<group>"; fileEncoding = 4; lastKnownFileType = sourcecode.c.h; explicitFileType = undefined; includeInIndex = 0; };
		CA78F7BAAEBE49ED8951780A /* NSBundle+CULPlugin.h */ = {isa = PBXFileReference; name = "NSBundle+CULPlugin.h"; path = "cordova-universal-links-plugin/Utils/NSBundle+CULPlugin.h"; sourceTree = "<group>"; fileEncoding = 4; lastKnownFileType = sourcecode.c.h; explicitFileType = undefined; includeInIndex = 0; };
		EAF4865C803849FB964A81C4 /* CBTBrowserTab.m */ = {isa = PBXFileReference; name = "CBTBrowserTab.m"; path = "cordova-plugin-browsertab/CBTBrowserTab.m"; sourceTree = "<group>"; fileEncoding = 4; lastKnownFileType = sourcecode.c.objc; explicitFileType = undefined; includeInIndex = 0; };
		54358B7596B24219949991E9 /* CBTBrowserTab.h */ = {isa = PBXFileReference; name = "CBTBrowserTab.h"; path = "cordova-plugin-browsertab/CBTBrowserTab.h"; sourceTree = "<group>"; fileEncoding = 4; lastKnownFileType = sourcecode.c.h; explicitFileType = undefined; includeInIndex = 0; };
		0AD1E6D08E714B8EA00930A7 /* SafariServices.framework */ = {isa = PBXFileReference; name = "SafariServices.framework"; path = "System/Library/Frameworks/SafariServices.framework"; sourceTree = SDKROOT; fileEncoding = undefined; lastKnownFileType = wrapper.framework; explicitFileType = undefined; includeInIndex = 0; };
		E0D9EE5397ED456CB9B68629 /* CDVInAppBrowser.m */ = {isa = PBXFileReference; name = "CDVInAppBrowser.m"; path = "cordova-plugin-inappbrowser/CDVInAppBrowser.m"; sourceTree = "<group>"; fileEncoding = 4; lastKnownFileType = sourcecode.c.objc; explicitFileType = undefined; includeInIndex = 0; };
		2A36083D82AF4CF0A6CDC890 /* CDVInAppBrowserOptions.m */ = {isa = PBXFileReference; name = "CDVInAppBrowserOptions.m"; path = "cordova-plugin-inappbrowser/CDVInAppBrowserOptions.m"; sourceTree = "<group>"; fileEncoding = 4; lastKnownFileType = sourcecode.c.objc; explicitFileType = undefined; includeInIndex = 0; };
		0C35171681004DDB94920768 /* CDVInAppBrowserNavigationController.m */ = {isa = PBXFileReference; name = "CDVInAppBrowserNavigationController.m"; path = "cordova-plugin-inappbrowser/CDVInAppBrowserNavigationController.m"; sourceTree = "<group>"; fileEncoding = 4; lastKnownFileType = sourcecode.c.objc; explicitFileType = undefined; includeInIndex = 0; };
		748506296C7D4788A55F53D4 /* CDVUIInAppBrowser.m */ = {isa = PBXFileReference; name = "CDVUIInAppBrowser.m"; path = "cordova-plugin-inappbrowser/CDVUIInAppBrowser.m"; sourceTree = "<group>"; fileEncoding = 4; lastKnownFileType = sourcecode.c.objc; explicitFileType = undefined; includeInIndex = 0; };
		30BB990AAC5B425794DD6F98 /* CDVWKInAppBrowser.m */ = {isa = PBXFileReference; name = "CDVWKInAppBrowser.m"; path = "cordova-plugin-inappbrowser/CDVWKInAppBrowser.m"; sourceTree = "<group>"; fileEncoding = 4; lastKnownFileType = sourcecode.c.objc; explicitFileType = undefined; includeInIndex = 0; };
		BAF0A4F6ADBD42CEA8A2FAF5 /* CDVWKInAppBrowserUIDelegate.m */ = {isa = PBXFileReference; name = "CDVWKInAppBrowserUIDelegate.m"; path = "cordova-plugin-inappbrowser/CDVWKInAppBrowserUIDelegate.m"; sourceTree = "<group>"; fileEncoding = 4; lastKnownFileType = sourcecode.c.objc; explicitFileType = undefined; includeInIndex = 0; };
		615B367F5ED44C8594EE09D5 /* CDVInAppBrowser.h */ = {isa = PBXFileReference; name = "CDVInAppBrowser.h"; path = "cordova-plugin-inappbrowser/CDVInAppBrowser.h"; sourceTree = "<group>"; fileEncoding = 4; lastKnownFileType = sourcecode.c.h; explicitFileType = undefined; includeInIndex = 0; };
		9D743CA6222948A7A33E420D /* CDVInAppBrowserOptions.h */ = {isa = PBXFileReference; name = "CDVInAppBrowserOptions.h"; path = "cordova-plugin-inappbrowser/CDVInAppBrowserOptions.h"; sourceTree = "<group>"; fileEncoding = 4; lastKnownFileType = sourcecode.c.h; explicitFileType = undefined; includeInIndex = 0; };
		C241A08679AB4472B38E9AF3 /* CDVInAppBrowserNavigationController.h */ = {isa = PBXFileReference; name = "CDVInAppBrowserNavigationController.h"; path = "cordova-plugin-inappbrowser/CDVInAppBrowserNavigationController.h"; sourceTree = "<group>"; fileEncoding = 4; lastKnownFileType = sourcecode.c.h; explicitFileType = undefined; includeInIndex = 0; };
		3E4C79FC8F1C4202A32A6F1D /* CDVUIInAppBrowser.h */ = {isa = PBXFileReference; name = "CDVUIInAppBrowser.h"; path = "cordova-plugin-inappbrowser/CDVUIInAppBrowser.h"; sourceTree = "<group>"; fileEncoding = 4; lastKnownFileType = sourcecode.c.h; explicitFileType = undefined; includeInIndex = 0; };
		F38EC1F394504668A4DE9892 /* CDVWKInAppBrowser.h */ = {isa = PBXFileReference; name = "CDVWKInAppBrowser.h"; path = "cordova-plugin-inappbrowser/CDVWKInAppBrowser.h"; sourceTree = "<group>"; fileEncoding = 4; lastKnownFileType = sourcecode.c.h; explicitFileType = undefined; includeInIndex = 0; };
		BAA39CA559D3468197CD7017 /* CDVWKInAppBrowserUIDelegate.h */ = {isa = PBXFileReference; name = "CDVWKInAppBrowserUIDelegate.h"; path = "cordova-plugin-inappbrowser/CDVWKInAppBrowserUIDelegate.h"; sourceTree = "<group>"; fileEncoding = 4; lastKnownFileType = sourcecode.c.h; explicitFileType = undefined; includeInIndex = 0; };
		42B50075C0B442958BF1A541 /* FCMPlugin.m */ = {isa = PBXFileReference; name = "FCMPlugin.m"; path = "cordova-plugin-fcm/FCMPlugin.m"; sourceTree = "<group>"; fileEncoding = 4; lastKnownFileType = sourcecode.c.objc; explicitFileType = undefined; includeInIndex = 0; };
		17B67000414C4B8AB49239E4 /* AppDelegate+FCMPlugin.m */ = {isa = PBXFileReference; name = "AppDelegate+FCMPlugin.m"; path = "cordova-plugin-fcm/AppDelegate+FCMPlugin.m"; sourceTree = "<group>"; fileEncoding = 4; lastKnownFileType = sourcecode.c.objc; explicitFileType = undefined; includeInIndex = 0; };
		B84DACEB1A524AFABE10E464 /* FCMPlugin.h */ = {isa = PBXFileReference; name = "FCMPlugin.h"; path = "cordova-plugin-fcm/FCMPlugin.h"; sourceTree = "<group>"; fileEncoding = 4; lastKnownFileType = sourcecode.c.h; explicitFileType = undefined; includeInIndex = 0; };
		80184186F8884DB4A894657D /* AppDelegate+FCMPlugin.h */ = {isa = PBXFileReference; name = "AppDelegate+FCMPlugin.h"; path = "cordova-plugin-fcm/AppDelegate+FCMPlugin.h"; sourceTree = "<group>"; fileEncoding = 4; lastKnownFileType = sourcecode.c.h; explicitFileType = undefined; includeInIndex = 0; };
		56EAA8BC43C8477598037B31 /* Firebase.h */ = {isa = PBXFileReference; name = "Firebase.h"; path = "cordova-plugin-fcm/Firebase.h"; sourceTree = "<group>"; fileEncoding = 4; lastKnownFileType = sourcecode.c.h; explicitFileType = undefined; includeInIndex = 0; };
		01CA8CD78FFF4F74AFACB80E /* GoogleService-Info.plist */ = {isa = PBXFileReference; name = "GoogleService-Info.plist"; path = "Resources/GoogleService-Info.plist"; sourceTree = "<group>"; fileEncoding = 4; lastKnownFileType = text.plist.xml; explicitFileType = undefined; includeInIndex = 0; };
		80D0CE9217B446C392B23D5B /* FirebaseAnalytics.framework */ = {isa = PBXFileReference; name = "FirebaseAnalytics.framework"; path = "Nattlivet/Plugins/cordova-plugin-fcm/FirebaseAnalytics.framework"; sourceTree = "<group>"; fileEncoding = undefined; lastKnownFileType = wrapper.framework; explicitFileType = undefined; includeInIndex = 0; };
		B044CFDC76E443C6B4395DEB /* FirebaseCore.framework */ = {isa = PBXFileReference; name = "FirebaseCore.framework"; path = "Nattlivet/Plugins/cordova-plugin-fcm/FirebaseCore.framework"; sourceTree = "<group>"; fileEncoding = undefined; lastKnownFileType = wrapper.framework; explicitFileType = undefined; includeInIndex = 0; };
		0F311747484B40649014E118 /* FirebaseInstanceID.framework */ = {isa = PBXFileReference; name = "FirebaseInstanceID.framework"; path = "Nattlivet/Plugins/cordova-plugin-fcm/FirebaseInstanceID.framework"; sourceTree = "<group>"; fileEncoding = undefined; lastKnownFileType = wrapper.framework; explicitFileType = undefined; includeInIndex = 0; };
		9583471DFD22415EA181D40A /* FirebaseMessaging.framework */ = {isa = PBXFileReference; name = "FirebaseMessaging.framework"; path = "Nattlivet/Plugins/cordova-plugin-fcm/FirebaseMessaging.framework"; sourceTree = "<group>"; fileEncoding = undefined; lastKnownFileType = wrapper.framework; explicitFileType = undefined; includeInIndex = 0; };
		06DBDD98EA1044D0AC30FDC0 /* GoogleInterchangeUtilities.framework */ = {isa = PBXFileReference; name = "GoogleInterchangeUtilities.framework"; path = "Nattlivet/Plugins/cordova-plugin-fcm/GoogleInterchangeUtilities.framework"; sourceTree = "<group>"; fileEncoding = undefined; lastKnownFileType = wrapper.framework; explicitFileType = undefined; includeInIndex = 0; };
		B02A3AC21FBA4A369293FF55 /* GoogleIPhoneUtilities.framework */ = {isa = PBXFileReference; name = "GoogleIPhoneUtilities.framework"; path = "Nattlivet/Plugins/cordova-plugin-fcm/GoogleIPhoneUtilities.framework"; sourceTree = "<group>"; fileEncoding = undefined; lastKnownFileType = wrapper.framework; explicitFileType = undefined; includeInIndex = 0; };
		C39613026F21474BAC127C7E /* GoogleSymbolUtilities.framework */ = {isa = PBXFileReference; name = "GoogleSymbolUtilities.framework"; path = "Nattlivet/Plugins/cordova-plugin-fcm/GoogleSymbolUtilities.framework"; sourceTree = "<group>"; fileEncoding = undefined; lastKnownFileType = wrapper.framework; explicitFileType = undefined; includeInIndex = 0; };
		FAC5592E52AB4889993EB880 /* GoogleUtilities.framework */ = {isa = PBXFileReference; name = "GoogleUtilities.framework"; path = "Nattlivet/Plugins/cordova-plugin-fcm/GoogleUtilities.framework"; sourceTree = "<group>"; fileEncoding = undefined; lastKnownFileType = wrapper.framework; explicitFileType = undefined; includeInIndex = 0; };
		61D2A16FEDF34383AE7B4FB1 /* libc++.tbd */ = {isa = PBXFileReference; name = "libc++.tbd"; path = "usr/lib/libc++.tbd"; sourceTree = SDKROOT; fileEncoding = undefined; lastKnownFileType = sourcecode.text-based-dylib-definition; explicitFileType = undefined; includeInIndex = 0; };
		2514FB0CBC2D461D925738FF /* libz.tbd */ = {isa = PBXFileReference; name = "libz.tbd"; path = "usr/lib/libz.tbd"; sourceTree = SDKROOT; fileEncoding = undefined; lastKnownFileType = sourcecode.text-based-dylib-definition; explicitFileType = undefined; includeInIndex = 0; };
		F9DF5B2E58EE428AA301BDF3 /* AddressBook.framework */ = {isa = PBXFileReference; name = "AddressBook.framework"; path = "System/Library/Frameworks/AddressBook.framework"; sourceTree = SDKROOT; fileEncoding = undefined; lastKnownFileType = wrapper.framework; explicitFileType = undefined; includeInIndex = 0; };
		857B62A79A884DD5A2D307CF /* libsqlite3.0.tbd */ = {isa = PBXFileReference; name = "libsqlite3.0.tbd"; path = "usr/lib/libsqlite3.0.tbd"; sourceTree = SDKROOT; fileEncoding = undefined; lastKnownFileType = sourcecode.text-based-dylib-definition; explicitFileType = undefined; includeInIndex = 0; };
		A886794DFDC54EBFB47DED0A /* Security.framework */ = {isa = PBXFileReference; name = "Security.framework"; path = "System/Library/Frameworks/Security.framework"; sourceTree = SDKROOT; fileEncoding = undefined; lastKnownFileType = wrapper.framework; explicitFileType = undefined; includeInIndex = 0; };
		FD42B131DF2B4D07BE324480 /* CDVNotification.m */ = {isa = PBXFileReference; name = "CDVNotification.m"; path = "cordova-plugin-dialogs/CDVNotification.m"; sourceTree = "<group>"; fileEncoding = 4; lastKnownFileType = sourcecode.c.objc; explicitFileType = undefined; includeInIndex = 0; };
		2A54A55306264A52A43B4373 /* CDVNotification.h */ = {isa = PBXFileReference; name = "CDVNotification.h"; path = "cordova-plugin-dialogs/CDVNotification.h"; sourceTree = "<group>"; fileEncoding = 4; lastKnownFileType = sourcecode.c.h; explicitFileType = undefined; includeInIndex = 0; };
		2B10236808A84CDD9B728A54 /* CDVNotification.bundle */ = {isa = PBXFileReference; name = "CDVNotification.bundle"; path = "CDVNotification.bundle"; sourceTree = "<group>"; fileEncoding = undefined; lastKnownFileType = wrapper.plug-in; explicitFileType = undefined; includeInIndex = 0; };
		82689CDDB8324D47B0DC934E /* AudioToolbox.framework */ = {isa = PBXFileReference; name = "AudioToolbox.framework"; path = "System/Library/Frameworks/AudioToolbox.framework"; sourceTree = SDKROOT; fileEncoding = undefined; lastKnownFileType = wrapper.framework; explicitFileType = undefined; includeInIndex = 0; };
		639B7F0752134996AA8C492D /* CDVConnection.m */ = {isa = PBXFileReference; name = "CDVConnection.m"; path = "cordova-plugin-network-information/CDVConnection.m"; sourceTree = "<group>"; fileEncoding = 4; lastKnownFileType = sourcecode.c.objc; explicitFileType = undefined; includeInIndex = 0; };
		05BC9C91564644448B9CA2E7 /* CDVReachability.m */ = {isa = PBXFileReference; name = "CDVReachability.m"; path = "cordova-plugin-network-information/CDVReachability.m"; sourceTree = "<group>"; fileEncoding = 4; lastKnownFileType = sourcecode.c.objc; explicitFileType = undefined; includeInIndex = 0; };
		FF1A1339E3F743FFABD7F502 /* CDVConnection.h */ = {isa = PBXFileReference; name = "CDVConnection.h"; path = "cordova-plugin-network-information/CDVConnection.h"; sourceTree = "<group>"; fileEncoding = 4; lastKnownFileType = sourcecode.c.h; explicitFileType = undefined; includeInIndex = 0; };
		1A67677EF4FE40B2A887C23F /* CDVReachability.h */ = {isa = PBXFileReference; name = "CDVReachability.h"; path = "cordova-plugin-network-information/CDVReachability.h"; sourceTree = "<group>"; fileEncoding = 4; lastKnownFileType = sourcecode.c.h; explicitFileType = undefined; includeInIndex = 0; };
		85BFD1D31ADC40768CFD36DE /* SystemConfiguration.framework */ = {isa = PBXFileReference; name = "SystemConfiguration.framework"; path = "System/Library/Frameworks/SystemConfiguration.framework"; sourceTree = SDKROOT; fileEncoding = undefined; lastKnownFileType = wrapper.framework; explicitFileType = undefined; includeInIndex = 0; };
		0BE88530F2DF4A2F90541D09 /* CoreTelephony.framework */ = {isa = PBXFileReference; name = "CoreTelephony.framework"; path = "System/Library/Frameworks/CoreTelephony.framework"; sourceTree = SDKROOT; fileEncoding = undefined; lastKnownFileType = wrapper.framework; explicitFileType = undefined; includeInIndex = 0; };
		67B547E2D4C54F2DA7DE811F /* CDVLocation.m */ = {isa = PBXFileReference; name = "CDVLocation.m"; path = "cordova-plugin-geolocation/CDVLocation.m"; sourceTree = "<group>"; fileEncoding = 4; lastKnownFileType = sourcecode.c.objc; explicitFileType = undefined; includeInIndex = 0; };
		77C5E827101A4E59B7B5A0E7 /* CDVLocation.h */ = {isa = PBXFileReference; name = "CDVLocation.h"; path = "cordova-plugin-geolocation/CDVLocation.h"; sourceTree = "<group>"; fileEncoding = 4; lastKnownFileType = sourcecode.c.h; explicitFileType = undefined; includeInIndex = 0; };
		5DA102B24DFE48D4A506E045 /* CoreLocation.framework */ = {isa = PBXFileReference; name = "CoreLocation.framework"; path = "System/Library/Frameworks/CoreLocation.framework"; sourceTree = SDKROOT; fileEncoding = undefined; lastKnownFileType = wrapper.framework; explicitFileType = undefined; includeInIndex = 0; };
/* End PBXFileReference section */

/* Begin PBXFrameworksBuildPhase section */
		1D60588F0D05DD3D006BFB54 /* Frameworks */ = {
			isa = PBXFrameworksBuildPhase;
			buildActionMask = 2147483647;
			files = (
				301BF552109A68D80062928A /* libCordova.a in Frameworks */,
				5B6F9474F49440DDBF1CE6D7 /* SafariServices.framework in Frameworks */,
				348B5D12899A4DDFABA11153 /* FirebaseAnalytics.framework in Frameworks */,
				C5B262A5193144F984C362BD /* FirebaseCore.framework in Frameworks */,
				6F307507ABD74C96814CE435 /* FirebaseInstanceID.framework in Frameworks */,
				F469C5D86B204956A2C5E26E /* FirebaseMessaging.framework in Frameworks */,
				431F566418CC4D379614D9A3 /* GoogleInterchangeUtilities.framework in Frameworks */,
				1706B341AB8F423590642D7A /* GoogleIPhoneUtilities.framework in Frameworks */,
				EC194CCCEC4C414CA4096DC7 /* GoogleSymbolUtilities.framework in Frameworks */,
				00CAB1BC28B04AF98BF4D89E /* GoogleUtilities.framework in Frameworks */,
				BD9BD17BB8E540CDB9820BA6 /* libc++.tbd in Frameworks */,
				3E52DF0EB19345459DE75EC3 /* libz.tbd in Frameworks */,
				FD74A4D559CF4D73A667546C /* AddressBook.framework in Frameworks */,
				B6F31FCC72534F42B8B4E376 /* libsqlite3.0.tbd in Frameworks */,
				9FF9FC1539F84D4A9DEE0237 /* Security.framework in Frameworks */,
				948A67A67DD74168B29799D3 /* AudioToolbox.framework in Frameworks */,
				F0868CE22A0344FD9B36E808 /* SystemConfiguration.framework in Frameworks */,
				28B757228C1D41D585F07551 /* CoreTelephony.framework in Frameworks */,
				B9AFB10E8A384A29B09B5C21 /* CoreLocation.framework in Frameworks */,
			);
			runOnlyForDeploymentPostprocessing = 0;
		};
/* End PBXFrameworksBuildPhase section */

/* Begin PBXGroup section */
		080E96DDFE201D6D7F000001 /* Classes */ = {
			isa = PBXGroup;
			children = (
				302D95EE14D2391D003F00A1 /* MainViewController.h */,
				302D95EF14D2391D003F00A1 /* MainViewController.m */,
				302D95F014D2391D003F00A1 /* MainViewController.xib */,
				1D3623240D0F684500981E51 /* AppDelegate.h */,
				1D3623250D0F684500981E51 /* AppDelegate.m */,
			);
			name = Classes;
			path = "Nattlivet/Classes";
			sourceTree = SOURCE_ROOT;
		};
		19C28FACFE9D520D11CA2CBB /* Products */ = {
			isa = PBXGroup;
			children = (
				1D6058910D05DD3D006BFB54 /* Nattlivet.app */,
			);
			name = Products;
			sourceTree = "<group>";
		};
		29B97314FDCFA39411CA2CEA /* CustomTemplate */ = {
			isa = PBXGroup;
			children = (
				EB87FDF41871DAF40020F90C /* config.xml */,
				EB87FDF31871DA8E0020F90C /* www */,
				EB87FDF11871DA420020F90C /* Staging */,
				301BF52D109A57CC0062928A /* CordovaLib.xcodeproj */,
				080E96DDFE201D6D7F000001 /* Classes */,
				307C750510C5A3420062BCA9 /* Plugins */,
				29B97315FDCFA39411CA2CEA /* Other Sources */,
				29B97317FDCFA39411CA2CEA /* Resources */,
				29B97323FDCFA39411CA2CEA /* Frameworks */,
				19C28FACFE9D520D11CA2CBB /* Products */,
			);
			name = CustomTemplate;
			sourceTree = "<group>";
		};
		29B97315FDCFA39411CA2CEA /* Other Sources */ = {
			isa = PBXGroup;
			children = (
				32CA4F630368D1EE00C91783 /* Nattlivet-Prefix.pch */,
				29B97316FDCFA39411CA2CEA /* main.m */,
				ED33DF2A687741AEAF9F8254 /* Bridging-Header.h */,
			);
			name = "Other Sources";
			path = "Nattlivet";
			sourceTree = "<group>";
		};
		29B97317FDCFA39411CA2CEA /* Resources */ = {
			isa = PBXGroup;
			children = (
				0207DA571B56EA530066E2B4 /* Images.xcassets */,
				3047A50E1AB8057F00498E2A /* config */,
				8D1107310486CEB800E47090 /* Nattlivet-Info.plist */,
				6AFF5BF81D6E424B00AB3073 /* CDVLaunchScreen.storyboard */,
				01CA8CD78FFF4F74AFACB80E /* GoogleService-Info.plist */,
				2B10236808A84CDD9B728A54 /* CDVNotification.bundle */,
			);
			name = Resources;
			path = "Nattlivet/Resources";
			sourceTree = "<group>";
		};
		29B97323FDCFA39411CA2CEA /* Frameworks */ = {
			isa = PBXGroup;
			children = (
				0AD1E6D08E714B8EA00930A7 /* SafariServices.framework */,
				80D0CE9217B446C392B23D5B /* FirebaseAnalytics.framework */,
				B044CFDC76E443C6B4395DEB /* FirebaseCore.framework */,
				0F311747484B40649014E118 /* FirebaseInstanceID.framework */,
				9583471DFD22415EA181D40A /* FirebaseMessaging.framework */,
				06DBDD98EA1044D0AC30FDC0 /* GoogleInterchangeUtilities.framework */,
				B02A3AC21FBA4A369293FF55 /* GoogleIPhoneUtilities.framework */,
				C39613026F21474BAC127C7E /* GoogleSymbolUtilities.framework */,
				FAC5592E52AB4889993EB880 /* GoogleUtilities.framework */,
				61D2A16FEDF34383AE7B4FB1 /* libc++.tbd */,
				2514FB0CBC2D461D925738FF /* libz.tbd */,
				F9DF5B2E58EE428AA301BDF3 /* AddressBook.framework */,
				857B62A79A884DD5A2D307CF /* libsqlite3.0.tbd */,
				A886794DFDC54EBFB47DED0A /* Security.framework */,
				82689CDDB8324D47B0DC934E /* AudioToolbox.framework */,
				85BFD1D31ADC40768CFD36DE /* SystemConfiguration.framework */,
				0BE88530F2DF4A2F90541D09 /* CoreTelephony.framework */,
				5DA102B24DFE48D4A506E045 /* CoreLocation.framework */,
			);
			name = Frameworks;
			sourceTree = "<group>";
		};
		301BF52E109A57CC0062928A /* Products */ = {
			isa = PBXGroup;
			children = (
				301BF535109A57CC0062928A /* libCordova.a */,
				907D8124214C687600058A10 /* Cordova.framework */,
			);
			name = Products;
			sourceTree = "<group>";
		};
		3047A50E1AB8057F00498E2A /* config */ = {
			isa = PBXGroup;
			children = (
				3047A50F1AB8059700498E2A /* build-debug.xcconfig */,
				3047A5101AB8059700498E2A /* build-release.xcconfig */,
				3047A5111AB8059700498E2A /* build.xcconfig */,
			);
			name = config;
			sourceTree = "<group>";
		};
		307C750510C5A3420062BCA9 /* Plugins */ = {
			isa = PBXGroup;
			children = (
				0E2D67892CCC45CE84D8B337 /* CDVBuildInfo.m */,
				E1049F65A28C49EB94C8B326 /* CDVBuildInfo.h */,
				71A849C625864FE58E849C59 /* CULPlugin.m */,
				0DB28BBA609145CC99CF4DED /* AppDelegate+CULPlugin.m */,
				4D4DA711AB2C478DB3558CE2 /* CDVPluginResult+CULPlugin.m */,
				7D55197650C344F2BCBAFD7D /* CDVInvokedUrlCommand+CULPlugin.m */,
				EB7C745F6C8D43ADA37475C0 /* CULHost.m */,
				6D3CAB73E1974A0AA9C42DE8 /* CULPath.m */,
				A7000CA8A97242DF8ACA1B2F /* CULXmlTags.m */,
				4F41C562EFDB4C228E38D64F /* CULConfigXmlParser.m */,
				3A879BFEDDCD4FB99A0AF2BB /* CULConfigJsonParser.m */,
				11FF61BC28C14463B6B52C47 /* NSBundle+CULPlugin.m */,
				B13859BB5C4B4032A7CC0C3A /* CULPlugin.h */,
				63C399BA0F794F058EBBDA08 /* AppDelegate+CULPlugin.h */,
				932A959249994650A5364765 /* CDVPluginResult+CULPlugin.h */,
				508C2F30E2A4436B904A2365 /* CDVInvokedUrlCommand+CULPlugin.h */,
				0DF7EB868EBA4ED58E221E00 /* CULHost.h */,
				C53E1142D4C94BFAA38F97BB /* CULPath.h */,
				8977ABB8CDF14914B97CF78B /* CULXmlTags.h */,
				123C481026A748F6A8B4295C /* CULConfigXmlParser.h */,
				09406F18F7C648F8B93D6B7D /* CULConfigJsonParser.h */,
				CA78F7BAAEBE49ED8951780A /* NSBundle+CULPlugin.h */,
				EAF4865C803849FB964A81C4 /* CBTBrowserTab.m */,
				54358B7596B24219949991E9 /* CBTBrowserTab.h */,
				E0D9EE5397ED456CB9B68629 /* CDVInAppBrowser.m */,
				2A36083D82AF4CF0A6CDC890 /* CDVInAppBrowserOptions.m */,
				0C35171681004DDB94920768 /* CDVInAppBrowserNavigationController.m */,
				748506296C7D4788A55F53D4 /* CDVUIInAppBrowser.m */,
				30BB990AAC5B425794DD6F98 /* CDVWKInAppBrowser.m */,
				BAF0A4F6ADBD42CEA8A2FAF5 /* CDVWKInAppBrowserUIDelegate.m */,
				615B367F5ED44C8594EE09D5 /* CDVInAppBrowser.h */,
				9D743CA6222948A7A33E420D /* CDVInAppBrowserOptions.h */,
				C241A08679AB4472B38E9AF3 /* CDVInAppBrowserNavigationController.h */,
				3E4C79FC8F1C4202A32A6F1D /* CDVUIInAppBrowser.h */,
				F38EC1F394504668A4DE9892 /* CDVWKInAppBrowser.h */,
				BAA39CA559D3468197CD7017 /* CDVWKInAppBrowserUIDelegate.h */,
				42B50075C0B442958BF1A541 /* FCMPlugin.m */,
				17B67000414C4B8AB49239E4 /* AppDelegate+FCMPlugin.m */,
				B84DACEB1A524AFABE10E464 /* FCMPlugin.h */,
				80184186F8884DB4A894657D /* AppDelegate+FCMPlugin.h */,
				56EAA8BC43C8477598037B31 /* Firebase.h */,
				FD42B131DF2B4D07BE324480 /* CDVNotification.m */,
				2A54A55306264A52A43B4373 /* CDVNotification.h */,
				639B7F0752134996AA8C492D /* CDVConnection.m */,
				05BC9C91564644448B9CA2E7 /* CDVReachability.m */,
				FF1A1339E3F743FFABD7F502 /* CDVConnection.h */,
				1A67677EF4FE40B2A887C23F /* CDVReachability.h */,
				67B547E2D4C54F2DA7DE811F /* CDVLocation.m */,
				77C5E827101A4E59B7B5A0E7 /* CDVLocation.h */,
			);
			name = Plugins;
			path = "Nattlivet/Plugins";
			sourceTree = SOURCE_ROOT;
		};
		EB87FDF11871DA420020F90C /* Staging */ = {
			isa = PBXGroup;
			children = (
				F840E1F0165FE0F500CFE078 /* config.xml */,
				301BF56E109A69640062928A /* www */,
			);
			name = Staging;
			sourceTree = "<group>";
		};
/* End PBXGroup section */

/* Begin PBXNativeTarget section */
		1D6058900D05DD3D006BFB54 /* Nattlivet */ = {
			isa = PBXNativeTarget;
			buildConfigurationList = 1D6058960D05DD3E006BFB54 /* Build configuration list for PBXNativeTarget "Nattlivet" */;
			buildPhases = (
				304B58A110DAC018002A0835 /* Copy www directory */,
				1D60588D0D05DD3D006BFB54 /* Resources */,
				1D60588E0D05DD3D006BFB54 /* Sources */,
				1D60588F0D05DD3D006BFB54 /* Frameworks */,
			);
			buildRules = (
			);
			dependencies = (
				301BF551109A68C00062928A /* PBXTargetDependency */,
			);
			name = "Nattlivet";
			productName = "Nattlivet";
			productReference = 1D6058910D05DD3D006BFB54 /* Nattlivet.app */;
			productType = "com.apple.product-type.application";
		};
/* End PBXNativeTarget section */

/* Begin PBXProject section */
		29B97313FDCFA39411CA2CEA /* Project object */ = {
			isa = PBXProject;
			attributes = {
				LastUpgradeCheck = 510;
				TargetAttributes = {
					1D6058900D05DD3D006BFB54 = {
						ProvisioningStyle = Automatic;
					};
				};
			};
			buildConfigurationList = C01FCF4E08A954540054247B /* Build configuration list for PBXProject "Nattlivet" */;
			compatibilityVersion = "Xcode 3.2";
			developmentRegion = English;
			hasScannedForEncodings = 1;
			mainGroup = 29B97314FDCFA39411CA2CEA /* CustomTemplate */;
			projectDirPath = "";
			projectReferences = (
				{
					ProductGroup = 301BF52E109A57CC0062928A /* Products */;
					ProjectRef = 301BF52D109A57CC0062928A /* CordovaLib.xcodeproj */;
				},
			);
			projectRoot = "";
			targets = (
				1D6058900D05DD3D006BFB54 /* Nattlivet */,
			);
		};
/* End PBXProject section */

/* Begin PBXReferenceProxy section */
		301BF535109A57CC0062928A /* libCordova.a */ = {
			isa = PBXReferenceProxy;
			fileType = archive.ar;
			path = libCordova.a;
			remoteRef = 301BF534109A57CC0062928A /* PBXContainerItemProxy */;
			sourceTree = BUILT_PRODUCTS_DIR;
		};
		907D8124214C687600058A10 /* Cordova.framework */ = {
			isa = PBXReferenceProxy;
			fileType = wrapper.framework;
			path = Cordova.framework;
			remoteRef = 907D8123214C687600058A10 /* PBXContainerItemProxy */;
			sourceTree = BUILT_PRODUCTS_DIR;
		};
/* End PBXReferenceProxy section */

/* Begin PBXResourcesBuildPhase section */
		1D60588D0D05DD3D006BFB54 /* Resources */ = {
			isa = PBXResourcesBuildPhase;
			buildActionMask = 2147483647;
			files = (
				302D95F214D2391D003F00A1 /* MainViewController.xib in Resources */,
				0207DA581B56EA530066E2B4 /* Images.xcassets in Resources */,
				6AFF5BF91D6E424B00AB3073 /* CDVLaunchScreen.storyboard in Resources */,
				0EA9D523625A419B86042BF2 /* GoogleService-Info.plist in Resources */,
				9342C274C3814B038D5F0074 /* CDVNotification.bundle in Resources */,
			);
			runOnlyForDeploymentPostprocessing = 0;
		};
/* End PBXResourcesBuildPhase section */

/* Begin PBXShellScriptBuildPhase section */
		304B58A110DAC018002A0835 /* Copy www directory */ = {
			isa = PBXShellScriptBuildPhase;
			buildActionMask = 2147483647;
			files = (
			);
			inputPaths = (
			);
			name = "Copy www directory";
			outputPaths = (
			);
			runOnlyForDeploymentPostprocessing = 0;
			shellPath = /bin/sh;
			shellScript = "\"$SRCROOT/Nattlivet/Scripts/copy-www-build-step.sh\"";
			showEnvVarsInLog = 0;
		};
/* End PBXShellScriptBuildPhase section */

/* Begin PBXSourcesBuildPhase section */
		1D60588E0D05DD3D006BFB54 /* Sources */ = {
			isa = PBXSourcesBuildPhase;
			buildActionMask = 2147483647;
			files = (
				1D60589B0D05DD56006BFB54 /* main.m in Sources */,
				1D3623260D0F684500981E51 /* AppDelegate.m in Sources */,
				302D95F114D2391D003F00A1 /* MainViewController.m in Sources */,
				ADF9BE67C8834E65A6DE89D1 /* CDVBuildInfo.m in Sources */,
				380ABCEBE6E043C392C8C584 /* CULPlugin.m in Sources */,
				F4C92568DF014E24BC215B6A /* AppDelegate+CULPlugin.m in Sources */,
				B89D11EA617244EEBFE34643 /* CDVPluginResult+CULPlugin.m in Sources */,
				0050693429EA4DE499E5AAAA /* CDVInvokedUrlCommand+CULPlugin.m in Sources */,
				917FCF767F5345DEBEE07201 /* CULHost.m in Sources */,
				6A4736378C5B4EBFA53B346B /* CULPath.m in Sources */,
				0A6308AF545E42969C574DB8 /* CULXmlTags.m in Sources */,
				7DD645D70346478EB84971E9 /* CULConfigXmlParser.m in Sources */,
				EF17E02B235B41F1BBF79A9D /* CULConfigJsonParser.m in Sources */,
				2F5B50026B184E3EA2FE07D2 /* NSBundle+CULPlugin.m in Sources */,
				64DB9209C60A4A3B83ACF3A2 /* CBTBrowserTab.m in Sources */,
				302CCD6C22F04B65B97203FE /* CDVInAppBrowser.m in Sources */,
				71D21F4E441A4F8AA112D626 /* CDVInAppBrowserOptions.m in Sources */,
				1CB51A98A9C24CBFB1301905 /* CDVInAppBrowserNavigationController.m in Sources */,
				0D33ADD92EFA4FC69AC61CEC /* CDVUIInAppBrowser.m in Sources */,
				4052B27A61D2435893F068BD /* CDVWKInAppBrowser.m in Sources */,
				4F3712C7F80B412699121D75 /* CDVWKInAppBrowserUIDelegate.m in Sources */,
				43D375E3B98E4CABA3469BDE /* FCMPlugin.m in Sources */,
				62D6F62DC7474AD9842A7D9B /* AppDelegate+FCMPlugin.m in Sources */,
				120346EA278D4E4F8706B43B /* CDVNotification.m in Sources */,
				EA54FA5F742A474E92C0D59D /* CDVConnection.m in Sources */,
				B7D42406AFCE40ECB030C892 /* CDVReachability.m in Sources */,
				B83D37F751F34C4D8B4FC451 /* CDVLocation.m in Sources */,
			);
			runOnlyForDeploymentPostprocessing = 0;
		};
/* End PBXSourcesBuildPhase section */

/* Begin PBXTargetDependency section */
		301BF551109A68C00062928A /* PBXTargetDependency */ = {
			isa = PBXTargetDependency;
			name = CordovaLib;
			targetProxy = 301BF550109A68C00062928A /* PBXContainerItemProxy */;
		};
/* End PBXTargetDependency section */

/* Begin XCBuildConfiguration section */
		1D6058940D05DD3E006BFB54 /* Debug */ = {
			isa = XCBuildConfiguration;
			baseConfigurationReference = 3047A50F1AB8059700498E2A /* build-debug.xcconfig */;
			buildSettings = {
				ALWAYS_SEARCH_USER_PATHS = NO;
				ASSETCATALOG_COMPILER_APPICON_NAME = AppIcon;
				ASSETCATALOG_COMPILER_LAUNCHIMAGE_NAME = LaunchImage;
				CLANG_ENABLE_MODULES = YES;
				CLANG_ENABLE_OBJC_ARC = YES;
				COPY_PHASE_STRIP = NO;
				GCC_DYNAMIC_NO_PIC = NO;
				GCC_OPTIMIZATION_LEVEL = 0;
				GCC_PRECOMPILE_PREFIX_HEADER = YES;
				GCC_PREFIX_HEADER = "Nattlivet/Nattlivet-Prefix.pch";
				GCC_THUMB_SUPPORT = NO;
				GCC_VERSION = "";
				INFOPLIST_FILE = "Nattlivet/Nattlivet-Info.plist";
				IPHONEOS_DEPLOYMENT_TARGET = 10.0;
				LD_RUNPATH_SEARCH_PATHS = "@executable_path/Frameworks";
				PRODUCT_BUNDLE_IDENTIFIER = com.nattlivet.nattlivet;
				PRODUCT_NAME = "$(TARGET_NAME)";
				TARGETED_DEVICE_FAMILY = "1,2";
				FRAMEWORK_SEARCH_PATHS = (
					"$(inherited)",
					"\"Nattlivet/Plugins/cordova-plugin-fcm\"",
					"\"Nattlivet/Plugins/cordova-plugin-fcm\"",
					"\"Nattlivet/Plugins/cordova-plugin-fcm\"",
					"\"Nattlivet/Plugins/cordova-plugin-fcm\"",
					"\"Nattlivet/Plugins/cordova-plugin-fcm\"",
					"\"Nattlivet/Plugins/cordova-plugin-fcm\"",
					"\"Nattlivet/Plugins/cordova-plugin-fcm\"",
					"\"Nattlivet/Plugins/cordova-plugin-fcm\"",
				);
			};
			name = Debug;
		};
		1D6058950D05DD3E006BFB54 /* Release */ = {
			isa = XCBuildConfiguration;
			baseConfigurationReference = 3047A5101AB8059700498E2A /* build-release.xcconfig */;
			buildSettings = {
				ALWAYS_SEARCH_USER_PATHS = NO;
				ASSETCATALOG_COMPILER_APPICON_NAME = AppIcon;
				ASSETCATALOG_COMPILER_LAUNCHIMAGE_NAME = LaunchImage;
				CLANG_ENABLE_MODULES = YES;
				CLANG_ENABLE_OBJC_ARC = YES;
				COPY_PHASE_STRIP = YES;
				GCC_PRECOMPILE_PREFIX_HEADER = YES;
				GCC_PREFIX_HEADER = "Nattlivet/Nattlivet-Prefix.pch";
				GCC_THUMB_SUPPORT = NO;
				GCC_VERSION = "";
				INFOPLIST_FILE = "Nattlivet/Nattlivet-Info.plist";
				IPHONEOS_DEPLOYMENT_TARGET = 10.0;
				LD_RUNPATH_SEARCH_PATHS = "@executable_path/Frameworks";
				PRODUCT_BUNDLE_IDENTIFIER = com.nattlivet.nattlivet;
				PRODUCT_NAME = "$(TARGET_NAME)";
				TARGETED_DEVICE_FAMILY = "1,2";
				FRAMEWORK_SEARCH_PATHS = (
					"$(inherited)",
					"\"Nattlivet/Plugins/cordova-plugin-fcm\"",
					"\"Nattlivet/Plugins/cordova-plugin-fcm\"",
					"\"Nattlivet/Plugins/cordova-plugin-fcm\"",
					"\"Nattlivet/Plugins/cordova-plugin-fcm\"",
					"\"Nattlivet/Plugins/cordova-plugin-fcm\"",
					"\"Nattlivet/Plugins/cordova-plugin-fcm\"",
					"\"Nattlivet/Plugins/cordova-plugin-fcm\"",
					"\"Nattlivet/Plugins/cordova-plugin-fcm\"",
				);
			};
			name = Release;
		};
		C01FCF4F08A954540054247B /* Debug */ = {
			isa = XCBuildConfiguration;
			baseConfigurationReference = 3047A5111AB8059700498E2A /* build.xcconfig */;
			buildSettings = {
				CLANG_ENABLE_MODULES = YES;
				CLANG_ENABLE_OBJC_ARC = YES;
				CLANG_WARN_BLOCK_CAPTURE_AUTORELEASING = YES;
				CLANG_WARN_BOOL_CONVERSION = YES;
				CLANG_WARN_COMMA = YES;
				CLANG_WARN_CONSTANT_CONVERSION = YES;
				CLANG_WARN_DEPRECATED_OBJC_IMPLEMENTATIONS = YES;
				CLANG_WARN_EMPTY_BODY = YES;
				CLANG_WARN_ENUM_CONVERSION = YES;
				CLANG_WARN_INFINITE_RECURSION = YES;
				CLANG_WARN_INT_CONVERSION = YES;
				CLANG_WARN_NON_LITERAL_NULL_CONVERSION = YES;
				CLANG_WARN_OBJC_IMPLICIT_RETAIN_SELF = YES;
				CLANG_WARN_OBJC_LITERAL_CONVERSION = YES;
				CLANG_WARN_RANGE_LOOP_ANALYSIS = YES;
				CLANG_WARN_STRICT_PROTOTYPES = YES;
				CLANG_WARN_SUSPICIOUS_MOVE = YES;
				CLANG_WARN_UNREACHABLE_CODE = YES;
				CLANG_WARN__DUPLICATE_METHOD_MATCH = YES;
				ENABLE_STRICT_OBJC_MSGSEND = YES;
				ENABLE_TESTABILITY = YES;
				GCC_C_LANGUAGE_STANDARD = c99;
				GCC_NO_COMMON_BLOCKS = YES;
				GCC_THUMB_SUPPORT = NO;
				GCC_VERSION = "";
				GCC_WARN_64_TO_32_BIT_CONVERSION = YES;
				GCC_WARN_ABOUT_RETURN_TYPE = YES;
				GCC_WARN_UNDECLARED_SELECTOR = YES;
				GCC_WARN_UNINITIALIZED_AUTOS = YES;
				GCC_WARN_UNUSED_FUNCTION = YES;
				GCC_WARN_UNUSED_VARIABLE = YES;
				ONLY_ACTIVE_ARCH = YES;
				SDKROOT = iphoneos;
				SKIP_INSTALL = NO;
				WK_WEB_VIEW_ONLY = 0;
				PRODUCT_BUNDLE_IDENTIFIER = com.nattlivet.nattlivet;
			};
			name = Debug;
		};
		C01FCF5008A954540054247B /* Release */ = {
			isa = XCBuildConfiguration;
			baseConfigurationReference = 3047A5111AB8059700498E2A /* build.xcconfig */;
			buildSettings = {
				CLANG_ENABLE_MODULES = YES;
				CLANG_ENABLE_OBJC_ARC = YES;
				CLANG_WARN_BLOCK_CAPTURE_AUTORELEASING = YES;
				CLANG_WARN_BOOL_CONVERSION = YES;
				CLANG_WARN_COMMA = YES;
				CLANG_WARN_CONSTANT_CONVERSION = YES;
				CLANG_WARN_DEPRECATED_OBJC_IMPLEMENTATIONS = YES;
				CLANG_WARN_EMPTY_BODY = YES;
				CLANG_WARN_ENUM_CONVERSION = YES;
				CLANG_WARN_INFINITE_RECURSION = YES;
				CLANG_WARN_INT_CONVERSION = YES;
				CLANG_WARN_NON_LITERAL_NULL_CONVERSION = YES;
				CLANG_WARN_OBJC_IMPLICIT_RETAIN_SELF = YES;
				CLANG_WARN_OBJC_LITERAL_CONVERSION = YES;
				CLANG_WARN_RANGE_LOOP_ANALYSIS = YES;
				CLANG_WARN_STRICT_PROTOTYPES = YES;
				CLANG_WARN_SUSPICIOUS_MOVE = YES;
				CLANG_WARN_UNREACHABLE_CODE = YES;
				CLANG_WARN__DUPLICATE_METHOD_MATCH = YES;
				ENABLE_STRICT_OBJC_MSGSEND = YES;
				GCC_C_LANGUAGE_STANDARD = c99;
				GCC_NO_COMMON_BLOCKS = YES;
				GCC_THUMB_SUPPORT = NO;
				GCC_VERSION = "";
				GCC_WARN_64_TO_32_BIT_CONVERSION = YES;
				GCC_WARN_ABOUT_RETURN_TYPE = YES;
				GCC_WARN_UNDECLARED_SELECTOR = YES;
				GCC_WARN_UNINITIALIZED_AUTOS = YES;
				GCC_WARN_UNUSED_FUNCTION = YES;
				GCC_WARN_UNUSED_VARIABLE = YES;
				SDKROOT = iphoneos;
				SKIP_INSTALL = NO;
				WK_WEB_VIEW_ONLY = 0;
				PRODUCT_BUNDLE_IDENTIFIER = com.nattlivet.nattlivet;
			};
			name = Release;
		};
/* End XCBuildConfiguration section */

/* Begin XCConfigurationList section */
		1D6058960D05DD3E006BFB54 /* Build configuration list for PBXNativeTarget "Nattlivet" */ = {
			isa = XCConfigurationList;
			buildConfigurations = (
				1D6058940D05DD3E006BFB54 /* Debug */,
				1D6058950D05DD3E006BFB54 /* Release */,
			);
			defaultConfigurationIsVisible = 0;
			defaultConfigurationName = Release;
		};
		C01FCF4E08A954540054247B /* Build configuration list for PBXProject "Nattlivet" */ = {
			isa = XCConfigurationList;
			buildConfigurations = (
				C01FCF4F08A954540054247B /* Debug */,
				C01FCF5008A954540054247B /* Release */,
			);
			defaultConfigurationIsVisible = 0;
			defaultConfigurationName = Release;
		};
/* End XCConfigurationList section */
	};
	rootObject = 29B97313FDCFA39411CA2CEA /* Project object */;
}
